// !$*UTF8*$!
{
	archiveVersion = 1;
	classes = {
	};
	objectVersion = 48;
	objects = {

/* Begin PBXBuildFile section */
		7B0429A0208F37580062F185 /* WithdrawaisMemberLevelTableViewCell.m in Sources */ = {isa = PBXBuildFile; fileRef = 7B04299F208F37580062F185 /* WithdrawaisMemberLevelTableViewCell.m */; };
		7B0A5F1F2064B2370051249E /* WithdrawaisAccountNumberTableViewCell.m in Sources */ = {isa = PBXBuildFile; fileRef = 7B0A5F1E2064B2370051249E /* WithdrawaisAccountNumberTableViewCell.m */; };
		7B0A5F222064B8C80051249E /* WithdrawaisPaymentDateTableViewCell.m in Sources */ = {isa = PBXBuildFile; fileRef = 7B0A5F212064B8C80051249E /* WithdrawaisPaymentDateTableViewCell.m */; };
		7B0A5F262064D19B0051249E /* BaseTableView.m in Sources */ = {isa = PBXBuildFile; fileRef = 7B0A5F252064D19B0051249E /* BaseTableView.m */; };
		7B0A5F292064D1AA0051249E /* BaseTableViewCell.m in Sources */ = {isa = PBXBuildFile; fileRef = 7B0A5F282064D1AA0051249E /* BaseTableViewCell.m */; };
		7B103D222069EC3F0012494C /* UILabel+ChangeLineSpaceAndWordSpace.m in Sources */ = {isa = PBXBuildFile; fileRef = 7B103D212069EC3F0012494C /* UILabel+ChangeLineSpaceAndWordSpace.m */; };
		7B103D252069F2870012494C /* ZTTextView.m in Sources */ = {isa = PBXBuildFile; fileRef = 7B103D242069F2870012494C /* ZTTextView.m */; };
		7B103D282069F7610012494C /* MessageCenterTableViewCell.m in Sources */ = {isa = PBXBuildFile; fileRef = 7B103D272069F7610012494C /* MessageCenterTableViewCell.m */; };
		7B103D2B206A21C00012494C /* BaseCollectionViewCell.m in Sources */ = {isa = PBXBuildFile; fileRef = 7B103D2A206A21C00012494C /* BaseCollectionViewCell.m */; };
		7B103D2E206A23060012494C /* MemberDetailsMyLevelCollectionViewCell.m in Sources */ = {isa = PBXBuildFile; fileRef = 7B103D2D206A23060012494C /* MemberDetailsMyLevelCollectionViewCell.m */; };
		7B103D31206A27840012494C /* MemberDetailsLevelRuleCollectionViewCell.m in Sources */ = {isa = PBXBuildFile; fileRef = 7B103D30206A27840012494C /* MemberDetailsLevelRuleCollectionViewCell.m */; };
		7B103D34206A31FF0012494C /* MemberDetailsLevelOrPriceCollectionViewCell.m in Sources */ = {isa = PBXBuildFile; fileRef = 7B103D33206A31FF0012494C /* MemberDetailsLevelOrPriceCollectionViewCell.m */; };
		7B2007ED205A7BEC00C3B723 /* AppDelegate.m in Sources */ = {isa = PBXBuildFile; fileRef = 7B2007EC205A7BEC00C3B723 /* AppDelegate.m */; };
		7B2007F3205A7BEC00C3B723 /* Main.storyboard in Resources */ = {isa = PBXBuildFile; fileRef = 7B2007F1205A7BEC00C3B723 /* Main.storyboard */; };
		7B2007F5205A7BEC00C3B723 /* Assets.xcassets in Resources */ = {isa = PBXBuildFile; fileRef = 7B2007F4205A7BEC00C3B723 /* Assets.xcassets */; };
		7B2007F8205A7BEC00C3B723 /* LaunchScreen.storyboard in Resources */ = {isa = PBXBuildFile; fileRef = 7B2007F6205A7BEC00C3B723 /* LaunchScreen.storyboard */; };
		7B2007FB205A7BEC00C3B723 /* main.m in Sources */ = {isa = PBXBuildFile; fileRef = 7B2007FA205A7BEC00C3B723 /* main.m */; };
		7B329DF1207C9D94001A8F2D /* FinacialTransferViewController.m in Sources */ = {isa = PBXBuildFile; fileRef = 7B329DF0207C9D94001A8F2D /* FinacialTransferViewController.m */; };
		7B329DF4207CB425001A8F2D /* FinancialTranferProductNameTableViewCell.m in Sources */ = {isa = PBXBuildFile; fileRef = 7B329DF3207CB425001A8F2D /* FinancialTranferProductNameTableViewCell.m */; };
		7B329DF7207CB85F001A8F2D /* FinancialTransferAmountTableViewCell.m in Sources */ = {isa = PBXBuildFile; fileRef = 7B329DF6207CB85F001A8F2D /* FinancialTransferAmountTableViewCell.m */; };
		7B33DB93207F50A4003CA8A1 /* FinancialTransferInfoTableViewCell.m in Sources */ = {isa = PBXBuildFile; fileRef = 7B33DB92207F50A4003CA8A1 /* FinancialTransferInfoTableViewCell.m */; };
		7B40E85E20609E5E005562D5 /* MyInfoTableViewCell.m in Sources */ = {isa = PBXBuildFile; fileRef = 7B40E85D20609E5E005562D5 /* MyInfoTableViewCell.m */; };
		7B40E8612060A4D1005562D5 /* MyTitleAndExplainCell.m in Sources */ = {isa = PBXBuildFile; fileRef = 7B40E8602060A4D1005562D5 /* MyTitleAndExplainCell.m */; };
		7B40E8642060A4FF005562D5 /* MyLogoutTableViewCell.m in Sources */ = {isa = PBXBuildFile; fileRef = 7B40E8632060A4FF005562D5 /* MyLogoutTableViewCell.m */; };
		7B40E8692060F99C005562D5 /* LoginViewController.m in Sources */ = {isa = PBXBuildFile; fileRef = 7B40E8682060F99C005562D5 /* LoginViewController.m */; };
		7B40E86C2060F9EA005562D5 /* SetPasswordController.m in Sources */ = {isa = PBXBuildFile; fileRef = 7B40E86B2060F9EA005562D5 /* SetPasswordController.m */; };
		7B40E86F2060FA7C005562D5 /* SignUpViewController.m in Sources */ = {isa = PBXBuildFile; fileRef = 7B40E86E2060FA7C005562D5 /* SignUpViewController.m */; };
		7B420129206B2B200039A586 /* MyFinancialBorrowersViewController.m in Sources */ = {isa = PBXBuildFile; fileRef = 7B420128206B2B200039A586 /* MyFinancialBorrowersViewController.m */; };
		7B42012C206B43B80039A586 /* MyFinancialBorrowersHeadTableViewCell.m in Sources */ = {isa = PBXBuildFile; fileRef = 7B42012B206B43B80039A586 /* MyFinancialBorrowersHeadTableViewCell.m */; };
		7B42012F206B43D20039A586 /* MyFinancialBorrowerTableViewCell.m in Sources */ = {isa = PBXBuildFile; fileRef = 7B42012E206B43D20039A586 /* MyFinancialBorrowerTableViewCell.m */; };
		7B420136206B7BE90039A586 /* UserManager.m in Sources */ = {isa = PBXBuildFile; fileRef = 7B420135206B7BE90039A586 /* UserManager.m */; };
		7B431956205F50F300040FBA /* FinancialViewCell.m in Sources */ = {isa = PBXBuildFile; fileRef = 7B431955205F50F300040FBA /* FinancialViewCell.m */; };
		7B43195A205F687E00040FBA /* AssetsMoneyCollectionViewCell.m in Sources */ = {isa = PBXBuildFile; fileRef = 7B431959205F687E00040FBA /* AssetsMoneyCollectionViewCell.m */; };
		7B43195D205F694700040FBA /* AssetsTotalCollectionViewCell.m in Sources */ = {isa = PBXBuildFile; fileRef = 7B43195C205F694700040FBA /* AssetsTotalCollectionViewCell.m */; };
		7B431960205F6AAE00040FBA /* AssetsTotalProfitCollectionViewCell.m in Sources */ = {isa = PBXBuildFile; fileRef = 7B43195F205F6AAE00040FBA /* AssetsTotalProfitCollectionViewCell.m */; };
		7B431963205F8A6500040FBA /* AssetsProfitRecordsCollectionViewCell.m in Sources */ = {isa = PBXBuildFile; fileRef = 7B431962205F8A6500040FBA /* AssetsProfitRecordsCollectionViewCell.m */; };
		7B431966205F8AF200040FBA /* AssetsYieldCurveCollectionViewCell.m in Sources */ = {isa = PBXBuildFile; fileRef = 7B431965205F8AF200040FBA /* AssetsYieldCurveCollectionViewCell.m */; };
		7B431CE62068927C00D89476 /* WithdrawaisAmountTableViewCell.m in Sources */ = {isa = PBXBuildFile; fileRef = 7B431CE52068927C00D89476 /* WithdrawaisAmountTableViewCell.m */; };
		7B431CE92068A19C00D89476 /* WithdrawalsConfirmTableViewCell.m in Sources */ = {isa = PBXBuildFile; fileRef = 7B431CE82068A19C00D89476 /* WithdrawalsConfirmTableViewCell.m */; };
		7B431CF32068D8B000D89476 /* DNPayAlertView.m in Sources */ = {isa = PBXBuildFile; fileRef = 7B431CF22068D8B000D89476 /* DNPayAlertView.m */; };
		7B43649020633EB700F1D110 /* FinacialDetailsController.m in Sources */ = {isa = PBXBuildFile; fileRef = 7B43648F20633EB700F1D110 /* FinacialDetailsController.m */; };
		7B442594208057D500161123 /* FinancialTransferButtonTableViewCell.m in Sources */ = {isa = PBXBuildFile; fileRef = 7B442593208057D500161123 /* FinancialTransferButtonTableViewCell.m */; };
		7B4425972080960D00161123 /* FinancialTransferModel.m in Sources */ = {isa = PBXBuildFile; fileRef = 7B4425962080960D00161123 /* FinancialTransferModel.m */; };
		7B44259B2080ACB400161123 /* FinancailAsset.m in Sources */ = {isa = PBXBuildFile; fileRef = 7B44259A2080ACB400161123 /* FinancailAsset.m */; };
		7B44259E2080B02800161123 /* AssetEarn.m in Sources */ = {isa = PBXBuildFile; fileRef = 7B44259D2080B02800161123 /* AssetEarn.m */; };
		7B48A4C3205B64A00020FFE6 /* BaseViewController.m in Sources */ = {isa = PBXBuildFile; fileRef = 7B48A4C2205B64A00020FFE6 /* BaseViewController.m */; };
		7B48A4C6205B70300020FFE6 /* BaseTabBarController.m in Sources */ = {isa = PBXBuildFile; fileRef = 7B48A4C5205B70300020FFE6 /* BaseTabBarController.m */; };
		7B48A4C9205B70BA0020FFE6 /* BaseNavigationController.m in Sources */ = {isa = PBXBuildFile; fileRef = 7B48A4C8205B70BA0020FFE6 /* BaseNavigationController.m */; };
		7B48A4DA205B71DF0020FFE6 /* AssetsViewController.m in Sources */ = {isa = PBXBuildFile; fileRef = 7B48A4D9205B71DF0020FFE6 /* AssetsViewController.m */; };
		7B48A4DD205B72240020FFE6 /* HomeViewController.m in Sources */ = {isa = PBXBuildFile; fileRef = 7B48A4DC205B72240020FFE6 /* HomeViewController.m */; };
		7B48A4E0205B723E0020FFE6 /* FinacialViewController.m in Sources */ = {isa = PBXBuildFile; fileRef = 7B48A4DF205B723E0020FFE6 /* FinacialViewController.m */; };
		7B48A4E5205B73060020FFE6 /* MyViewController.m in Sources */ = {isa = PBXBuildFile; fileRef = 7B48A4E4205B73060020FFE6 /* MyViewController.m */; };
		7B48A4E9205BA1A50020FFE6 /* UIImage+ImageWithColor.m in Sources */ = {isa = PBXBuildFile; fileRef = 7B48A4E8205BA1A50020FFE6 /* UIImage+ImageWithColor.m */; };
		7B4EABA3206DCF7400693163 /* GTUtil.m in Sources */ = {isa = PBXBuildFile; fileRef = 7B4EABA2206DCF7400693163 /* GTUtil.m */; };
		7B4EABA6206DD22C00693163 /* GTNetWorking.m in Sources */ = {isa = PBXBuildFile; fileRef = 7B4EABA4206DD22C00693163 /* GTNetWorking.m */; };
		7B61A42520649C350001F77F /* WithdrawalsViewController.m in Sources */ = {isa = PBXBuildFile; fileRef = 7B61A42420649C350001F77F /* WithdrawalsViewController.m */; };
		7B61A42820649D170001F77F /* RechargeViewController.m in Sources */ = {isa = PBXBuildFile; fileRef = 7B61A42720649D170001F77F /* RechargeViewController.m */; };
		7B71B2E02071D41E0013B787 /* DFNotice.m in Sources */ = {isa = PBXBuildFile; fileRef = 7B71B2DF2071D41E0013B787 /* DFNotice.m */; };
		7B71B2E32071D5B20013B787 /* DFProduct.m in Sources */ = {isa = PBXBuildFile; fileRef = 7B71B2E22071D5B20013B787 /* DFProduct.m */; };
		7B71B2E72071E0030013B787 /* UserFinancial.m in Sources */ = {isa = PBXBuildFile; fileRef = 7B71B2E62071E0030013B787 /* UserFinancial.m */; };
		7B71B2EA2071E1150013B787 /* Borrower.m in Sources */ = {isa = PBXBuildFile; fileRef = 7B71B2E92071E1150013B787 /* Borrower.m */; };
		7B73E184206A41E500A7C117 /* MemberDetailsLevelExplainCollectionViewCell.m in Sources */ = {isa = PBXBuildFile; fileRef = 7B73E183206A41E500A7C117 /* MemberDetailsLevelExplainCollectionViewCell.m */; };
		7B73E187206A590100A7C117 /* MyFinancialDetailsViewController.m in Sources */ = {isa = PBXBuildFile; fileRef = 7B73E186206A590100A7C117 /* MyFinancialDetailsViewController.m */; };
		7B73E18A206A59BE00A7C117 /* MyFinancialDetailsTotalTableViewCell.m in Sources */ = {isa = PBXBuildFile; fileRef = 7B73E189206A59BE00A7C117 /* MyFinancialDetailsTotalTableViewCell.m */; };
		7B73E18D206A59E700A7C117 /* MyFinancialDetailsExplainTableViewCell.m in Sources */ = {isa = PBXBuildFile; fileRef = 7B73E18C206A59E700A7C117 /* MyFinancialDetailsExplainTableViewCell.m */; };
		7B7AA94C2063579600415C36 /* TargetAnnualRateOfReturnCell.m in Sources */ = {isa = PBXBuildFile; fileRef = 7B7AA94B2063579600415C36 /* TargetAnnualRateOfReturnCell.m */; };
		7B7AA94F20635FDD00415C36 /* FinacialCollectionReusableView.m in Sources */ = {isa = PBXBuildFile; fileRef = 7B7AA94E20635FDD00415C36 /* FinacialCollectionReusableView.m */; };
		7B8485DA2068F197000459C2 /* MemberDetailsViewController.m in Sources */ = {isa = PBXBuildFile; fileRef = 7B8485D92068F197000459C2 /* MemberDetailsViewController.m */; };
		7B8485DD2068F1D2000459C2 /* ChangePasswordViewController.m in Sources */ = {isa = PBXBuildFile; fileRef = 7B8485DC2068F1D2000459C2 /* ChangePasswordViewController.m */; };
		7B8485E32068F204000459C2 /* MessageCenterViewController.m in Sources */ = {isa = PBXBuildFile; fileRef = 7B8485E22068F204000459C2 /* MessageCenterViewController.m */; };
		7B8485E62068F223000459C2 /* QuestionFeedbackViewController.m in Sources */ = {isa = PBXBuildFile; fileRef = 7B8485E52068F223000459C2 /* QuestionFeedbackViewController.m */; };
		7B8485E92068F232000459C2 /* AboutUsViewController.m in Sources */ = {isa = PBXBuildFile; fileRef = 7B8485E82068F232000459C2 /* AboutUsViewController.m */; };
		7B8485EC2068F87F000459C2 /* TextFieldTableViewCell.m in Sources */ = {isa = PBXBuildFile; fileRef = 7B8485EB2068F87F000459C2 /* TextFieldTableViewCell.m */; };
		7B8485EF20690886000459C2 /* ChangePasswordButtonTableViewCell.m in Sources */ = {isa = PBXBuildFile; fileRef = 7B8485EE20690886000459C2 /* ChangePasswordButtonTableViewCell.m */; };
		7BCB08EE20638DEA00017FDD /* ProductDynamicCollectionViewCell.m in Sources */ = {isa = PBXBuildFile; fileRef = 7BCB08ED20638DEA00017FDD /* ProductDynamicCollectionViewCell.m */; };
		7BCB08F12063AE1B00017FDD /* FinacialExplainCollectionViewCell.m in Sources */ = {isa = PBXBuildFile; fileRef = 7BCB08F02063AE1B00017FDD /* FinacialExplainCollectionViewCell.m */; };
		7BCB08F42063C28400017FDD /* AssetsRecordViewController.m in Sources */ = {isa = PBXBuildFile; fileRef = 7BCB08F32063C28400017FDD /* AssetsRecordViewController.m */; };
		7BCB08F72063C4A700017FDD /* AssetsRecordTableViewCell.m in Sources */ = {isa = PBXBuildFile; fileRef = 7BCB08F62063C4A700017FDD /* AssetsRecordTableViewCell.m */; };
		7BCB08FA2063CC1700017FDD /* BalanceViewController.m in Sources */ = {isa = PBXBuildFile; fileRef = 7BCB08F92063CC1700017FDD /* BalanceViewController.m */; };
		7BF38B1320872F3900B92419 /* FinacialRecord.m in Sources */ = {isa = PBXBuildFile; fileRef = 7BF38B1220872F3900B92419 /* FinacialRecord.m */; };
		7BFB419A20620CB000FEED9E /* MBProgressHUD+DFStyle.m in Sources */ = {isa = PBXBuildFile; fileRef = 7BFB419920620CB000FEED9E /* MBProgressHUD+DFStyle.m */; };
		7BFB419D20626D7100FEED9E /* MyFincialViewController.m in Sources */ = {isa = PBXBuildFile; fileRef = 7BFB419C20626D7100FEED9E /* MyFincialViewController.m */; };
		7BFB41A0206270B800FEED9E /* MyFinacialTableViewCell.m in Sources */ = {isa = PBXBuildFile; fileRef = 7BFB419F206270B800FEED9E /* MyFinacialTableViewCell.m */; };
		7BFCB6742079B37500E4A5DE /* DFProductDynamics.m in Sources */ = {isa = PBXBuildFile; fileRef = 7BFCB6732079B37500E4A5DE /* DFProductDynamics.m */; };
		7EBDBBCF2E424B0F273B1ED4 /* Pods_DolphinFinancial.framework in Frameworks */ = {isa = PBXBuildFile; fileRef = 4EC9B9849F258E12D06E8DE5 /* Pods_DolphinFinancial.framework */; };
/* End PBXBuildFile section */

/* Begin PBXFileReference section */
		1EA40CF10350D22C1821E2B2 /* Pods-DolphinFinancial.debug.xcconfig */ = {isa = PBXFileReference; includeInIndex = 1; lastKnownFileType = text.xcconfig; name = "Pods-DolphinFinancial.debug.xcconfig"; path = "Pods/Target Support Files/Pods-DolphinFinancial/Pods-DolphinFinancial.debug.xcconfig"; sourceTree = "<group>"; };
		4EC9B9849F258E12D06E8DE5 /* Pods_DolphinFinancial.framework */ = {isa = PBXFileReference; explicitFileType = wrapper.framework; includeInIndex = 0; path = Pods_DolphinFinancial.framework; sourceTree = BUILT_PRODUCTS_DIR; };
		6ECADA240C054CA46010A78D /* Pods-DolphinFinancial.release.xcconfig */ = {isa = PBXFileReference; includeInIndex = 1; lastKnownFileType = text.xcconfig; name = "Pods-DolphinFinancial.release.xcconfig"; path = "Pods/Target Support Files/Pods-DolphinFinancial/Pods-DolphinFinancial.release.xcconfig"; sourceTree = "<group>"; };
		7B04299E208F37580062F185 /* WithdrawaisMemberLevelTableViewCell.h */ = {isa = PBXFileReference; lastKnownFileType = sourcecode.c.h; path = WithdrawaisMemberLevelTableViewCell.h; sourceTree = "<group>"; };
		7B04299F208F37580062F185 /* WithdrawaisMemberLevelTableViewCell.m */ = {isa = PBXFileReference; lastKnownFileType = sourcecode.c.objc; path = WithdrawaisMemberLevelTableViewCell.m; sourceTree = "<group>"; };
		7B0A5F1D2064B2370051249E /* WithdrawaisAccountNumberTableViewCell.h */ = {isa = PBXFileReference; lastKnownFileType = sourcecode.c.h; path = WithdrawaisAccountNumberTableViewCell.h; sourceTree = "<group>"; };
		7B0A5F1E2064B2370051249E /* WithdrawaisAccountNumberTableViewCell.m */ = {isa = PBXFileReference; lastKnownFileType = sourcecode.c.objc; path = WithdrawaisAccountNumberTableViewCell.m; sourceTree = "<group>"; };
		7B0A5F202064B8C80051249E /* WithdrawaisPaymentDateTableViewCell.h */ = {isa = PBXFileReference; lastKnownFileType = sourcecode.c.h; path = WithdrawaisPaymentDateTableViewCell.h; sourceTree = "<group>"; };
		7B0A5F212064B8C80051249E /* WithdrawaisPaymentDateTableViewCell.m */ = {isa = PBXFileReference; lastKnownFileType = sourcecode.c.objc; path = WithdrawaisPaymentDateTableViewCell.m; sourceTree = "<group>"; };
		7B0A5F242064D19B0051249E /* BaseTableView.h */ = {isa = PBXFileReference; lastKnownFileType = sourcecode.c.h; path = BaseTableView.h; sourceTree = "<group>"; };
		7B0A5F252064D19B0051249E /* BaseTableView.m */ = {isa = PBXFileReference; lastKnownFileType = sourcecode.c.objc; path = BaseTableView.m; sourceTree = "<group>"; };
		7B0A5F272064D1AA0051249E /* BaseTableViewCell.h */ = {isa = PBXFileReference; lastKnownFileType = sourcecode.c.h; path = BaseTableViewCell.h; sourceTree = "<group>"; };
		7B0A5F282064D1AA0051249E /* BaseTableViewCell.m */ = {isa = PBXFileReference; lastKnownFileType = sourcecode.c.objc; path = BaseTableViewCell.m; sourceTree = "<group>"; };
		7B103D202069EC3F0012494C /* UILabel+ChangeLineSpaceAndWordSpace.h */ = {isa = PBXFileReference; lastKnownFileType = sourcecode.c.h; path = "UILabel+ChangeLineSpaceAndWordSpace.h"; sourceTree = "<group>"; };
		7B103D212069EC3F0012494C /* UILabel+ChangeLineSpaceAndWordSpace.m */ = {isa = PBXFileReference; lastKnownFileType = sourcecode.c.objc; path = "UILabel+ChangeLineSpaceAndWordSpace.m"; sourceTree = "<group>"; };
		7B103D232069F2870012494C /* ZTTextView.h */ = {isa = PBXFileReference; fileEncoding = 4; lastKnownFileType = sourcecode.c.h; path = ZTTextView.h; sourceTree = "<group>"; };
		7B103D242069F2870012494C /* ZTTextView.m */ = {isa = PBXFileReference; fileEncoding = 4; lastKnownFileType = sourcecode.c.objc; path = ZTTextView.m; sourceTree = "<group>"; };
		7B103D262069F7610012494C /* MessageCenterTableViewCell.h */ = {isa = PBXFileReference; lastKnownFileType = sourcecode.c.h; path = MessageCenterTableViewCell.h; sourceTree = "<group>"; };
		7B103D272069F7610012494C /* MessageCenterTableViewCell.m */ = {isa = PBXFileReference; lastKnownFileType = sourcecode.c.objc; path = MessageCenterTableViewCell.m; sourceTree = "<group>"; };
		7B103D29206A21C00012494C /* BaseCollectionViewCell.h */ = {isa = PBXFileReference; lastKnownFileType = sourcecode.c.h; path = BaseCollectionViewCell.h; sourceTree = "<group>"; };
		7B103D2A206A21C00012494C /* BaseCollectionViewCell.m */ = {isa = PBXFileReference; lastKnownFileType = sourcecode.c.objc; path = BaseCollectionViewCell.m; sourceTree = "<group>"; };
		7B103D2C206A23060012494C /* MemberDetailsMyLevelCollectionViewCell.h */ = {isa = PBXFileReference; lastKnownFileType = sourcecode.c.h; path = MemberDetailsMyLevelCollectionViewCell.h; sourceTree = "<group>"; };
		7B103D2D206A23060012494C /* MemberDetailsMyLevelCollectionViewCell.m */ = {isa = PBXFileReference; lastKnownFileType = sourcecode.c.objc; path = MemberDetailsMyLevelCollectionViewCell.m; sourceTree = "<group>"; };
		7B103D2F206A27840012494C /* MemberDetailsLevelRuleCollectionViewCell.h */ = {isa = PBXFileReference; lastKnownFileType = sourcecode.c.h; path = MemberDetailsLevelRuleCollectionViewCell.h; sourceTree = "<group>"; };
		7B103D30206A27840012494C /* MemberDetailsLevelRuleCollectionViewCell.m */ = {isa = PBXFileReference; lastKnownFileType = sourcecode.c.objc; path = MemberDetailsLevelRuleCollectionViewCell.m; sourceTree = "<group>"; };
		7B103D32206A31FF0012494C /* MemberDetailsLevelOrPriceCollectionViewCell.h */ = {isa = PBXFileReference; lastKnownFileType = sourcecode.c.h; path = MemberDetailsLevelOrPriceCollectionViewCell.h; sourceTree = "<group>"; };
		7B103D33206A31FF0012494C /* MemberDetailsLevelOrPriceCollectionViewCell.m */ = {isa = PBXFileReference; lastKnownFileType = sourcecode.c.objc; path = MemberDetailsLevelOrPriceCollectionViewCell.m; sourceTree = "<group>"; };
		7B2007E8205A7BEC00C3B723 /* DolphinFinancial.app */ = {isa = PBXFileReference; explicitFileType = wrapper.application; includeInIndex = 0; path = DolphinFinancial.app; sourceTree = BUILT_PRODUCTS_DIR; };
		7B2007EB205A7BEC00C3B723 /* AppDelegate.h */ = {isa = PBXFileReference; lastKnownFileType = sourcecode.c.h; path = AppDelegate.h; sourceTree = "<group>"; };
		7B2007EC205A7BEC00C3B723 /* AppDelegate.m */ = {isa = PBXFileReference; lastKnownFileType = sourcecode.c.objc; path = AppDelegate.m; sourceTree = "<group>"; };
		7B2007F2205A7BEC00C3B723 /* Base */ = {isa = PBXFileReference; lastKnownFileType = file.storyboard; name = Base; path = Base.lproj/Main.storyboard; sourceTree = "<group>"; };
		7B2007F4205A7BEC00C3B723 /* Assets.xcassets */ = {isa = PBXFileReference; lastKnownFileType = folder.assetcatalog; path = Assets.xcassets; sourceTree = "<group>"; };
		7B2007F7205A7BEC00C3B723 /* Base */ = {isa = PBXFileReference; lastKnownFileType = file.storyboard; name = Base; path = Base.lproj/LaunchScreen.storyboard; sourceTree = "<group>"; };
		7B2007F9205A7BEC00C3B723 /* Info.plist */ = {isa = PBXFileReference; lastKnownFileType = text.plist.xml; path = Info.plist; sourceTree = "<group>"; };
		7B2007FA205A7BEC00C3B723 /* main.m */ = {isa = PBXFileReference; lastKnownFileType = sourcecode.c.objc; path = main.m; sourceTree = "<group>"; };
		7B329DEF207C9D94001A8F2D /* FinacialTransferViewController.h */ = {isa = PBXFileReference; lastKnownFileType = sourcecode.c.h; path = FinacialTransferViewController.h; sourceTree = "<group>"; };
		7B329DF0207C9D94001A8F2D /* FinacialTransferViewController.m */ = {isa = PBXFileReference; lastKnownFileType = sourcecode.c.objc; path = FinacialTransferViewController.m; sourceTree = "<group>"; };
		7B329DF2207CB425001A8F2D /* FinancialTranferProductNameTableViewCell.h */ = {isa = PBXFileReference; lastKnownFileType = sourcecode.c.h; path = FinancialTranferProductNameTableViewCell.h; sourceTree = "<group>"; };
		7B329DF3207CB425001A8F2D /* FinancialTranferProductNameTableViewCell.m */ = {isa = PBXFileReference; lastKnownFileType = sourcecode.c.objc; path = FinancialTranferProductNameTableViewCell.m; sourceTree = "<group>"; };
		7B329DF5207CB85F001A8F2D /* FinancialTransferAmountTableViewCell.h */ = {isa = PBXFileReference; lastKnownFileType = sourcecode.c.h; path = FinancialTransferAmountTableViewCell.h; sourceTree = "<group>"; };
		7B329DF6207CB85F001A8F2D /* FinancialTransferAmountTableViewCell.m */ = {isa = PBXFileReference; lastKnownFileType = sourcecode.c.objc; path = FinancialTransferAmountTableViewCell.m; sourceTree = "<group>"; };
		7B33DB91207F50A4003CA8A1 /* FinancialTransferInfoTableViewCell.h */ = {isa = PBXFileReference; lastKnownFileType = sourcecode.c.h; path = FinancialTransferInfoTableViewCell.h; sourceTree = "<group>"; };
		7B33DB92207F50A4003CA8A1 /* FinancialTransferInfoTableViewCell.m */ = {isa = PBXFileReference; lastKnownFileType = sourcecode.c.objc; path = FinancialTransferInfoTableViewCell.m; sourceTree = "<group>"; };
		7B40E85C20609E5E005562D5 /* MyInfoTableViewCell.h */ = {isa = PBXFileReference; lastKnownFileType = sourcecode.c.h; path = MyInfoTableViewCell.h; sourceTree = "<group>"; };
		7B40E85D20609E5E005562D5 /* MyInfoTableViewCell.m */ = {isa = PBXFileReference; lastKnownFileType = sourcecode.c.objc; path = MyInfoTableViewCell.m; sourceTree = "<group>"; };
		7B40E85F2060A4D1005562D5 /* MyTitleAndExplainCell.h */ = {isa = PBXFileReference; lastKnownFileType = sourcecode.c.h; path = MyTitleAndExplainCell.h; sourceTree = "<group>"; };
		7B40E8602060A4D1005562D5 /* MyTitleAndExplainCell.m */ = {isa = PBXFileReference; lastKnownFileType = sourcecode.c.objc; path = MyTitleAndExplainCell.m; sourceTree = "<group>"; };
		7B40E8622060A4FF005562D5 /* MyLogoutTableViewCell.h */ = {isa = PBXFileReference; lastKnownFileType = sourcecode.c.h; path = MyLogoutTableViewCell.h; sourceTree = "<group>"; };
		7B40E8632060A4FF005562D5 /* MyLogoutTableViewCell.m */ = {isa = PBXFileReference; lastKnownFileType = sourcecode.c.objc; path = MyLogoutTableViewCell.m; sourceTree = "<group>"; };
		7B40E8672060F99C005562D5 /* LoginViewController.h */ = {isa = PBXFileReference; lastKnownFileType = sourcecode.c.h; path = LoginViewController.h; sourceTree = "<group>"; };
		7B40E8682060F99C005562D5 /* LoginViewController.m */ = {isa = PBXFileReference; lastKnownFileType = sourcecode.c.objc; path = LoginViewController.m; sourceTree = "<group>"; };
		7B40E86A2060F9EA005562D5 /* SetPasswordController.h */ = {isa = PBXFileReference; lastKnownFileType = sourcecode.c.h; path = SetPasswordController.h; sourceTree = "<group>"; };
		7B40E86B2060F9EA005562D5 /* SetPasswordController.m */ = {isa = PBXFileReference; lastKnownFileType = sourcecode.c.objc; path = SetPasswordController.m; sourceTree = "<group>"; };
		7B40E86D2060FA7C005562D5 /* SignUpViewController.h */ = {isa = PBXFileReference; lastKnownFileType = sourcecode.c.h; path = SignUpViewController.h; sourceTree = "<group>"; };
		7B40E86E2060FA7C005562D5 /* SignUpViewController.m */ = {isa = PBXFileReference; lastKnownFileType = sourcecode.c.objc; path = SignUpViewController.m; sourceTree = "<group>"; };
		7B420127206B2B200039A586 /* MyFinancialBorrowersViewController.h */ = {isa = PBXFileReference; lastKnownFileType = sourcecode.c.h; path = MyFinancialBorrowersViewController.h; sourceTree = "<group>"; };
		7B420128206B2B200039A586 /* MyFinancialBorrowersViewController.m */ = {isa = PBXFileReference; lastKnownFileType = sourcecode.c.objc; path = MyFinancialBorrowersViewController.m; sourceTree = "<group>"; };
		7B42012A206B43B80039A586 /* MyFinancialBorrowersHeadTableViewCell.h */ = {isa = PBXFileReference; lastKnownFileType = sourcecode.c.h; path = MyFinancialBorrowersHeadTableViewCell.h; sourceTree = "<group>"; };
		7B42012B206B43B80039A586 /* MyFinancialBorrowersHeadTableViewCell.m */ = {isa = PBXFileReference; lastKnownFileType = sourcecode.c.objc; path = MyFinancialBorrowersHeadTableViewCell.m; sourceTree = "<group>"; };
		7B42012D206B43D20039A586 /* MyFinancialBorrowerTableViewCell.h */ = {isa = PBXFileReference; lastKnownFileType = sourcecode.c.h; path = MyFinancialBorrowerTableViewCell.h; sourceTree = "<group>"; };
		7B42012E206B43D20039A586 /* MyFinancialBorrowerTableViewCell.m */ = {isa = PBXFileReference; lastKnownFileType = sourcecode.c.objc; path = MyFinancialBorrowerTableViewCell.m; sourceTree = "<group>"; };
		7B420134206B7BE90039A586 /* UserManager.h */ = {isa = PBXFileReference; lastKnownFileType = sourcecode.c.h; path = UserManager.h; sourceTree = "<group>"; };
		7B420135206B7BE90039A586 /* UserManager.m */ = {isa = PBXFileReference; lastKnownFileType = sourcecode.c.objc; path = UserManager.m; sourceTree = "<group>"; };
		7B431954205F50F300040FBA /* FinancialViewCell.h */ = {isa = PBXFileReference; lastKnownFileType = sourcecode.c.h; path = FinancialViewCell.h; sourceTree = "<group>"; };
		7B431955205F50F300040FBA /* FinancialViewCell.m */ = {isa = PBXFileReference; lastKnownFileType = sourcecode.c.objc; path = FinancialViewCell.m; sourceTree = "<group>"; };
		7B431958205F687E00040FBA /* AssetsMoneyCollectionViewCell.h */ = {isa = PBXFileReference; lastKnownFileType = sourcecode.c.h; path = AssetsMoneyCollectionViewCell.h; sourceTree = "<group>"; };
		7B431959205F687E00040FBA /* AssetsMoneyCollectionViewCell.m */ = {isa = PBXFileReference; lastKnownFileType = sourcecode.c.objc; path = AssetsMoneyCollectionViewCell.m; sourceTree = "<group>"; };
		7B43195B205F694700040FBA /* AssetsTotalCollectionViewCell.h */ = {isa = PBXFileReference; lastKnownFileType = sourcecode.c.h; path = AssetsTotalCollectionViewCell.h; sourceTree = "<group>"; };
		7B43195C205F694700040FBA /* AssetsTotalCollectionViewCell.m */ = {isa = PBXFileReference; lastKnownFileType = sourcecode.c.objc; path = AssetsTotalCollectionViewCell.m; sourceTree = "<group>"; };
		7B43195E205F6AAE00040FBA /* AssetsTotalProfitCollectionViewCell.h */ = {isa = PBXFileReference; lastKnownFileType = sourcecode.c.h; path = AssetsTotalProfitCollectionViewCell.h; sourceTree = "<group>"; };
		7B43195F205F6AAE00040FBA /* AssetsTotalProfitCollectionViewCell.m */ = {isa = PBXFileReference; lastKnownFileType = sourcecode.c.objc; path = AssetsTotalProfitCollectionViewCell.m; sourceTree = "<group>"; };
		7B431961205F8A6500040FBA /* AssetsProfitRecordsCollectionViewCell.h */ = {isa = PBXFileReference; lastKnownFileType = sourcecode.c.h; path = AssetsProfitRecordsCollectionViewCell.h; sourceTree = "<group>"; };
		7B431962205F8A6500040FBA /* AssetsProfitRecordsCollectionViewCell.m */ = {isa = PBXFileReference; lastKnownFileType = sourcecode.c.objc; path = AssetsProfitRecordsCollectionViewCell.m; sourceTree = "<group>"; };
		7B431964205F8AF200040FBA /* AssetsYieldCurveCollectionViewCell.h */ = {isa = PBXFileReference; lastKnownFileType = sourcecode.c.h; path = AssetsYieldCurveCollectionViewCell.h; sourceTree = "<group>"; };
		7B431965205F8AF200040FBA /* AssetsYieldCurveCollectionViewCell.m */ = {isa = PBXFileReference; lastKnownFileType = sourcecode.c.objc; path = AssetsYieldCurveCollectionViewCell.m; sourceTree = "<group>"; };
		7B431CE42068927C00D89476 /* WithdrawaisAmountTableViewCell.h */ = {isa = PBXFileReference; lastKnownFileType = sourcecode.c.h; path = WithdrawaisAmountTableViewCell.h; sourceTree = "<group>"; };
		7B431CE52068927C00D89476 /* WithdrawaisAmountTableViewCell.m */ = {isa = PBXFileReference; lastKnownFileType = sourcecode.c.objc; path = WithdrawaisAmountTableViewCell.m; sourceTree = "<group>"; };
		7B431CE72068A19C00D89476 /* WithdrawalsConfirmTableViewCell.h */ = {isa = PBXFileReference; lastKnownFileType = sourcecode.c.h; path = WithdrawalsConfirmTableViewCell.h; sourceTree = "<group>"; };
		7B431CE82068A19C00D89476 /* WithdrawalsConfirmTableViewCell.m */ = {isa = PBXFileReference; lastKnownFileType = sourcecode.c.objc; path = WithdrawalsConfirmTableViewCell.m; sourceTree = "<group>"; };
		7B431CF12068D8B000D89476 /* DNPayAlertView.h */ = {isa = PBXFileReference; fileEncoding = 4; lastKnownFileType = sourcecode.c.h; path = DNPayAlertView.h; sourceTree = "<group>"; };
		7B431CF22068D8B000D89476 /* DNPayAlertView.m */ = {isa = PBXFileReference; fileEncoding = 4; lastKnownFileType = sourcecode.c.objc; path = DNPayAlertView.m; sourceTree = "<group>"; };
		7B43648E20633EB700F1D110 /* FinacialDetailsController.h */ = {isa = PBXFileReference; lastKnownFileType = sourcecode.c.h; path = FinacialDetailsController.h; sourceTree = "<group>"; };
		7B43648F20633EB700F1D110 /* FinacialDetailsController.m */ = {isa = PBXFileReference; lastKnownFileType = sourcecode.c.objc; path = FinacialDetailsController.m; sourceTree = "<group>"; };
		7B442592208057D500161123 /* FinancialTransferButtonTableViewCell.h */ = {isa = PBXFileReference; lastKnownFileType = sourcecode.c.h; path = FinancialTransferButtonTableViewCell.h; sourceTree = "<group>"; };
		7B442593208057D500161123 /* FinancialTransferButtonTableViewCell.m */ = {isa = PBXFileReference; lastKnownFileType = sourcecode.c.objc; path = FinancialTransferButtonTableViewCell.m; sourceTree = "<group>"; };
		7B4425952080960D00161123 /* FinancialTransferModel.h */ = {isa = PBXFileReference; lastKnownFileType = sourcecode.c.h; path = FinancialTransferModel.h; sourceTree = "<group>"; };
		7B4425962080960D00161123 /* FinancialTransferModel.m */ = {isa = PBXFileReference; lastKnownFileType = sourcecode.c.objc; path = FinancialTransferModel.m; sourceTree = "<group>"; };
		7B4425992080ACB400161123 /* FinancailAsset.h */ = {isa = PBXFileReference; lastKnownFileType = sourcecode.c.h; path = FinancailAsset.h; sourceTree = "<group>"; };
		7B44259A2080ACB400161123 /* FinancailAsset.m */ = {isa = PBXFileReference; lastKnownFileType = sourcecode.c.objc; path = FinancailAsset.m; sourceTree = "<group>"; };
		7B44259C2080B02800161123 /* AssetEarn.h */ = {isa = PBXFileReference; lastKnownFileType = sourcecode.c.h; path = AssetEarn.h; sourceTree = "<group>"; };
		7B44259D2080B02800161123 /* AssetEarn.m */ = {isa = PBXFileReference; lastKnownFileType = sourcecode.c.objc; path = AssetEarn.m; sourceTree = "<group>"; };
		7B48A4C1205B64A00020FFE6 /* BaseViewController.h */ = {isa = PBXFileReference; lastKnownFileType = sourcecode.c.h; path = BaseViewController.h; sourceTree = "<group>"; };
		7B48A4C2205B64A00020FFE6 /* BaseViewController.m */ = {isa = PBXFileReference; lastKnownFileType = sourcecode.c.objc; path = BaseViewController.m; sourceTree = "<group>"; };
		7B48A4C4205B70300020FFE6 /* BaseTabBarController.h */ = {isa = PBXFileReference; lastKnownFileType = sourcecode.c.h; path = BaseTabBarController.h; sourceTree = "<group>"; };
		7B48A4C5205B70300020FFE6 /* BaseTabBarController.m */ = {isa = PBXFileReference; lastKnownFileType = sourcecode.c.objc; path = BaseTabBarController.m; sourceTree = "<group>"; };
		7B48A4C7205B70BA0020FFE6 /* BaseNavigationController.h */ = {isa = PBXFileReference; lastKnownFileType = sourcecode.c.h; path = BaseNavigationController.h; sourceTree = "<group>"; };
		7B48A4C8205B70BA0020FFE6 /* BaseNavigationController.m */ = {isa = PBXFileReference; lastKnownFileType = sourcecode.c.objc; path = BaseNavigationController.m; sourceTree = "<group>"; };
		7B48A4D8205B71DF0020FFE6 /* AssetsViewController.h */ = {isa = PBXFileReference; lastKnownFileType = sourcecode.c.h; path = AssetsViewController.h; sourceTree = "<group>"; };
		7B48A4D9205B71DF0020FFE6 /* AssetsViewController.m */ = {isa = PBXFileReference; lastKnownFileType = sourcecode.c.objc; path = AssetsViewController.m; sourceTree = "<group>"; };
		7B48A4DB205B72240020FFE6 /* HomeViewController.h */ = {isa = PBXFileReference; lastKnownFileType = sourcecode.c.h; path = HomeViewController.h; sourceTree = "<group>"; };
		7B48A4DC205B72240020FFE6 /* HomeViewController.m */ = {isa = PBXFileReference; lastKnownFileType = sourcecode.c.objc; path = HomeViewController.m; sourceTree = "<group>"; };
		7B48A4DE205B723E0020FFE6 /* FinacialViewController.h */ = {isa = PBXFileReference; lastKnownFileType = sourcecode.c.h; path = FinacialViewController.h; sourceTree = "<group>"; };
		7B48A4DF205B723E0020FFE6 /* FinacialViewController.m */ = {isa = PBXFileReference; lastKnownFileType = sourcecode.c.objc; path = FinacialViewController.m; sourceTree = "<group>"; };
		7B48A4E3205B73060020FFE6 /* MyViewController.h */ = {isa = PBXFileReference; lastKnownFileType = sourcecode.c.h; path = MyViewController.h; sourceTree = "<group>"; };
		7B48A4E4205B73060020FFE6 /* MyViewController.m */ = {isa = PBXFileReference; lastKnownFileType = sourcecode.c.objc; path = MyViewController.m; sourceTree = "<group>"; };
		7B48A4E7205BA1A50020FFE6 /* UIImage+ImageWithColor.h */ = {isa = PBXFileReference; fileEncoding = 4; lastKnownFileType = sourcecode.c.h; path = "UIImage+ImageWithColor.h"; sourceTree = "<group>"; };
		7B48A4E8205BA1A50020FFE6 /* UIImage+ImageWithColor.m */ = {isa = PBXFileReference; fileEncoding = 4; lastKnownFileType = sourcecode.c.objc; path = "UIImage+ImageWithColor.m"; sourceTree = "<group>"; };
		7B4EABA1206DCF7400693163 /* GTUtil.h */ = {isa = PBXFileReference; fileEncoding = 4; lastKnownFileType = sourcecode.c.h; path = GTUtil.h; sourceTree = "<group>"; };
		7B4EABA2206DCF7400693163 /* GTUtil.m */ = {isa = PBXFileReference; fileEncoding = 4; lastKnownFileType = sourcecode.c.objc; path = GTUtil.m; sourceTree = "<group>"; };
		7B4EABA4206DD22C00693163 /* GTNetWorking.m */ = {isa = PBXFileReference; fileEncoding = 4; lastKnownFileType = sourcecode.c.objc; path = GTNetWorking.m; sourceTree = "<group>"; };
		7B4EABA5206DD22C00693163 /* GTNetWorking.h */ = {isa = PBXFileReference; fileEncoding = 4; lastKnownFileType = sourcecode.c.h; path = GTNetWorking.h; sourceTree = "<group>"; };
		7B61A42320649C350001F77F /* WithdrawalsViewController.h */ = {isa = PBXFileReference; lastKnownFileType = sourcecode.c.h; path = WithdrawalsViewController.h; sourceTree = "<group>"; };
		7B61A42420649C350001F77F /* WithdrawalsViewController.m */ = {isa = PBXFileReference; lastKnownFileType = sourcecode.c.objc; path = WithdrawalsViewController.m; sourceTree = "<group>"; };
		7B61A42620649D170001F77F /* RechargeViewController.h */ = {isa = PBXFileReference; lastKnownFileType = sourcecode.c.h; path = RechargeViewController.h; sourceTree = "<group>"; };
		7B61A42720649D170001F77F /* RechargeViewController.m */ = {isa = PBXFileReference; lastKnownFileType = sourcecode.c.objc; path = RechargeViewController.m; sourceTree = "<group>"; };
		7B71B2DE2071D41E0013B787 /* DFNotice.h */ = {isa = PBXFileReference; lastKnownFileType = sourcecode.c.h; path = DFNotice.h; sourceTree = "<group>"; };
		7B71B2DF2071D41E0013B787 /* DFNotice.m */ = {isa = PBXFileReference; lastKnownFileType = sourcecode.c.objc; path = DFNotice.m; sourceTree = "<group>"; };
		7B71B2E12071D5B20013B787 /* DFProduct.h */ = {isa = PBXFileReference; lastKnownFileType = sourcecode.c.h; path = DFProduct.h; sourceTree = "<group>"; };
		7B71B2E22071D5B20013B787 /* DFProduct.m */ = {isa = PBXFileReference; lastKnownFileType = sourcecode.c.objc; path = DFProduct.m; sourceTree = "<group>"; };
		7B71B2E52071E0030013B787 /* UserFinancial.h */ = {isa = PBXFileReference; lastKnownFileType = sourcecode.c.h; path = UserFinancial.h; sourceTree = "<group>"; };
		7B71B2E62071E0030013B787 /* UserFinancial.m */ = {isa = PBXFileReference; lastKnownFileType = sourcecode.c.objc; path = UserFinancial.m; sourceTree = "<group>"; };
		7B71B2E82071E1150013B787 /* Borrower.h */ = {isa = PBXFileReference; lastKnownFileType = sourcecode.c.h; path = Borrower.h; sourceTree = "<group>"; };
		7B71B2E92071E1150013B787 /* Borrower.m */ = {isa = PBXFileReference; lastKnownFileType = sourcecode.c.objc; path = Borrower.m; sourceTree = "<group>"; };
		7B73E182206A41E500A7C117 /* MemberDetailsLevelExplainCollectionViewCell.h */ = {isa = PBXFileReference; lastKnownFileType = sourcecode.c.h; path = MemberDetailsLevelExplainCollectionViewCell.h; sourceTree = "<group>"; };
		7B73E183206A41E500A7C117 /* MemberDetailsLevelExplainCollectionViewCell.m */ = {isa = PBXFileReference; lastKnownFileType = sourcecode.c.objc; path = MemberDetailsLevelExplainCollectionViewCell.m; sourceTree = "<group>"; };
		7B73E185206A590100A7C117 /* MyFinancialDetailsViewController.h */ = {isa = PBXFileReference; lastKnownFileType = sourcecode.c.h; path = MyFinancialDetailsViewController.h; sourceTree = "<group>"; };
		7B73E186206A590100A7C117 /* MyFinancialDetailsViewController.m */ = {isa = PBXFileReference; lastKnownFileType = sourcecode.c.objc; path = MyFinancialDetailsViewController.m; sourceTree = "<group>"; };
		7B73E188206A59BE00A7C117 /* MyFinancialDetailsTotalTableViewCell.h */ = {isa = PBXFileReference; lastKnownFileType = sourcecode.c.h; path = MyFinancialDetailsTotalTableViewCell.h; sourceTree = "<group>"; };
		7B73E189206A59BE00A7C117 /* MyFinancialDetailsTotalTableViewCell.m */ = {isa = PBXFileReference; lastKnownFileType = sourcecode.c.objc; path = MyFinancialDetailsTotalTableViewCell.m; sourceTree = "<group>"; };
		7B73E18B206A59E700A7C117 /* MyFinancialDetailsExplainTableViewCell.h */ = {isa = PBXFileReference; lastKnownFileType = sourcecode.c.h; path = MyFinancialDetailsExplainTableViewCell.h; sourceTree = "<group>"; };
		7B73E18C206A59E700A7C117 /* MyFinancialDetailsExplainTableViewCell.m */ = {isa = PBXFileReference; lastKnownFileType = sourcecode.c.objc; path = MyFinancialDetailsExplainTableViewCell.m; sourceTree = "<group>"; };
		7B7AA94A2063579600415C36 /* TargetAnnualRateOfReturnCell.h */ = {isa = PBXFileReference; lastKnownFileType = sourcecode.c.h; path = TargetAnnualRateOfReturnCell.h; sourceTree = "<group>"; };
		7B7AA94B2063579600415C36 /* TargetAnnualRateOfReturnCell.m */ = {isa = PBXFileReference; lastKnownFileType = sourcecode.c.objc; path = TargetAnnualRateOfReturnCell.m; sourceTree = "<group>"; };
		7B7AA94D20635FDD00415C36 /* FinacialCollectionReusableView.h */ = {isa = PBXFileReference; lastKnownFileType = sourcecode.c.h; path = FinacialCollectionReusableView.h; sourceTree = "<group>"; };
		7B7AA94E20635FDD00415C36 /* FinacialCollectionReusableView.m */ = {isa = PBXFileReference; lastKnownFileType = sourcecode.c.objc; path = FinacialCollectionReusableView.m; sourceTree = "<group>"; };
		7B8485D82068F197000459C2 /* MemberDetailsViewController.h */ = {isa = PBXFileReference; lastKnownFileType = sourcecode.c.h; path = MemberDetailsViewController.h; sourceTree = "<group>"; };
		7B8485D92068F197000459C2 /* MemberDetailsViewController.m */ = {isa = PBXFileReference; lastKnownFileType = sourcecode.c.objc; path = MemberDetailsViewController.m; sourceTree = "<group>"; };
		7B8485DB2068F1D2000459C2 /* ChangePasswordViewController.h */ = {isa = PBXFileReference; lastKnownFileType = sourcecode.c.h; path = ChangePasswordViewController.h; sourceTree = "<group>"; };
		7B8485DC2068F1D2000459C2 /* ChangePasswordViewController.m */ = {isa = PBXFileReference; lastKnownFileType = sourcecode.c.objc; path = ChangePasswordViewController.m; sourceTree = "<group>"; };
		7B8485E12068F204000459C2 /* MessageCenterViewController.h */ = {isa = PBXFileReference; lastKnownFileType = sourcecode.c.h; path = MessageCenterViewController.h; sourceTree = "<group>"; };
		7B8485E22068F204000459C2 /* MessageCenterViewController.m */ = {isa = PBXFileReference; lastKnownFileType = sourcecode.c.objc; path = MessageCenterViewController.m; sourceTree = "<group>"; };
		7B8485E42068F223000459C2 /* QuestionFeedbackViewController.h */ = {isa = PBXFileReference; lastKnownFileType = sourcecode.c.h; path = QuestionFeedbackViewController.h; sourceTree = "<group>"; };
		7B8485E52068F223000459C2 /* QuestionFeedbackViewController.m */ = {isa = PBXFileReference; lastKnownFileType = sourcecode.c.objc; path = QuestionFeedbackViewController.m; sourceTree = "<group>"; };
		7B8485E72068F232000459C2 /* AboutUsViewController.h */ = {isa = PBXFileReference; lastKnownFileType = sourcecode.c.h; path = AboutUsViewController.h; sourceTree = "<group>"; };
		7B8485E82068F232000459C2 /* AboutUsViewController.m */ = {isa = PBXFileReference; lastKnownFileType = sourcecode.c.objc; path = AboutUsViewController.m; sourceTree = "<group>"; };
		7B8485EA2068F87F000459C2 /* TextFieldTableViewCell.h */ = {isa = PBXFileReference; lastKnownFileType = sourcecode.c.h; path = TextFieldTableViewCell.h; sourceTree = "<group>"; };
		7B8485EB2068F87F000459C2 /* TextFieldTableViewCell.m */ = {isa = PBXFileReference; lastKnownFileType = sourcecode.c.objc; path = TextFieldTableViewCell.m; sourceTree = "<group>"; };
		7B8485ED20690886000459C2 /* ChangePasswordButtonTableViewCell.h */ = {isa = PBXFileReference; lastKnownFileType = sourcecode.c.h; path = ChangePasswordButtonTableViewCell.h; sourceTree = "<group>"; };
		7B8485EE20690886000459C2 /* ChangePasswordButtonTableViewCell.m */ = {isa = PBXFileReference; lastKnownFileType = sourcecode.c.objc; path = ChangePasswordButtonTableViewCell.m; sourceTree = "<group>"; };
		7BCB08EC20638DEA00017FDD /* ProductDynamicCollectionViewCell.h */ = {isa = PBXFileReference; lastKnownFileType = sourcecode.c.h; path = ProductDynamicCollectionViewCell.h; sourceTree = "<group>"; };
		7BCB08ED20638DEA00017FDD /* ProductDynamicCollectionViewCell.m */ = {isa = PBXFileReference; lastKnownFileType = sourcecode.c.objc; path = ProductDynamicCollectionViewCell.m; sourceTree = "<group>"; };
		7BCB08EF2063AE1B00017FDD /* FinacialExplainCollectionViewCell.h */ = {isa = PBXFileReference; lastKnownFileType = sourcecode.c.h; path = FinacialExplainCollectionViewCell.h; sourceTree = "<group>"; };
		7BCB08F02063AE1B00017FDD /* FinacialExplainCollectionViewCell.m */ = {isa = PBXFileReference; lastKnownFileType = sourcecode.c.objc; path = FinacialExplainCollectionViewCell.m; sourceTree = "<group>"; };
		7BCB08F22063C28400017FDD /* AssetsRecordViewController.h */ = {isa = PBXFileReference; lastKnownFileType = sourcecode.c.h; path = AssetsRecordViewController.h; sourceTree = "<group>"; };
		7BCB08F32063C28400017FDD /* AssetsRecordViewController.m */ = {isa = PBXFileReference; lastKnownFileType = sourcecode.c.objc; path = AssetsRecordViewController.m; sourceTree = "<group>"; };
		7BCB08F52063C4A700017FDD /* AssetsRecordTableViewCell.h */ = {isa = PBXFileReference; lastKnownFileType = sourcecode.c.h; path = AssetsRecordTableViewCell.h; sourceTree = "<group>"; };
		7BCB08F62063C4A700017FDD /* AssetsRecordTableViewCell.m */ = {isa = PBXFileReference; lastKnownFileType = sourcecode.c.objc; path = AssetsRecordTableViewCell.m; sourceTree = "<group>"; };
		7BCB08F82063CC1700017FDD /* BalanceViewController.h */ = {isa = PBXFileReference; lastKnownFileType = sourcecode.c.h; path = BalanceViewController.h; sourceTree = "<group>"; };
		7BCB08F92063CC1700017FDD /* BalanceViewController.m */ = {isa = PBXFileReference; lastKnownFileType = sourcecode.c.objc; path = BalanceViewController.m; sourceTree = "<group>"; };
		7BF38B1120872F3900B92419 /* FinacialRecord.h */ = {isa = PBXFileReference; lastKnownFileType = sourcecode.c.h; path = FinacialRecord.h; sourceTree = "<group>"; };
		7BF38B1220872F3900B92419 /* FinacialRecord.m */ = {isa = PBXFileReference; lastKnownFileType = sourcecode.c.objc; path = FinacialRecord.m; sourceTree = "<group>"; };
		7BFB419820620CB000FEED9E /* MBProgressHUD+DFStyle.h */ = {isa = PBXFileReference; lastKnownFileType = sourcecode.c.h; path = "MBProgressHUD+DFStyle.h"; sourceTree = "<group>"; };
		7BFB419920620CB000FEED9E /* MBProgressHUD+DFStyle.m */ = {isa = PBXFileReference; lastKnownFileType = sourcecode.c.objc; path = "MBProgressHUD+DFStyle.m"; sourceTree = "<group>"; };
		7BFB419B20626D7100FEED9E /* MyFincialViewController.h */ = {isa = PBXFileReference; lastKnownFileType = sourcecode.c.h; path = MyFincialViewController.h; sourceTree = "<group>"; };
		7BFB419C20626D7100FEED9E /* MyFincialViewController.m */ = {isa = PBXFileReference; lastKnownFileType = sourcecode.c.objc; path = MyFincialViewController.m; sourceTree = "<group>"; };
		7BFB419E206270B800FEED9E /* MyFinacialTableViewCell.h */ = {isa = PBXFileReference; lastKnownFileType = sourcecode.c.h; path = MyFinacialTableViewCell.h; sourceTree = "<group>"; };
		7BFB419F206270B800FEED9E /* MyFinacialTableViewCell.m */ = {isa = PBXFileReference; lastKnownFileType = sourcecode.c.objc; path = MyFinacialTableViewCell.m; sourceTree = "<group>"; };
		7BFCB6722079B37500E4A5DE /* DFProductDynamics.h */ = {isa = PBXFileReference; lastKnownFileType = sourcecode.c.h; path = DFProductDynamics.h; sourceTree = "<group>"; };
		7BFCB6732079B37500E4A5DE /* DFProductDynamics.m */ = {isa = PBXFileReference; lastKnownFileType = sourcecode.c.objc; path = DFProductDynamics.m; sourceTree = "<group>"; };
		7BFDD0A9206DD982009B14F5 /* DolphinFinancialApi.h */ = {isa = PBXFileReference; lastKnownFileType = sourcecode.c.h; path = DolphinFinancialApi.h; sourceTree = "<group>"; };
		7BFFF72B205A82C1001E7E59 /* PrefixHeader.pch */ = {isa = PBXFileReference; lastKnownFileType = sourcecode.c.h; path = PrefixHeader.pch; sourceTree = "<group>"; };
		7BFFF72C205A84AD001E7E59 /* CommonConfig.h */ = {isa = PBXFileReference; lastKnownFileType = sourcecode.c.h; path = CommonConfig.h; sourceTree = "<group>"; };
/* End PBXFileReference section */

/* Begin PBXFrameworksBuildPhase section */
		7B2007E5205A7BEC00C3B723 /* Frameworks */ = {
			isa = PBXFrameworksBuildPhase;
			buildActionMask = 2147483647;
			files = (
				7EBDBBCF2E424B0F273B1ED4 /* Pods_DolphinFinancial.framework in Frameworks */,
			);
			runOnlyForDeploymentPostprocessing = 0;
		};
/* End PBXFrameworksBuildPhase section */

/* Begin PBXGroup section */
		31CAB17D7C5873020809C040 /* Frameworks */ = {
			isa = PBXGroup;
			children = (
				4EC9B9849F258E12D06E8DE5 /* Pods_DolphinFinancial.framework */,
			);
			name = Frameworks;
			sourceTree = "<group>";
		};
		6FA854CF5B6F2F9884D60331 /* Pods */ = {
			isa = PBXGroup;
			children = (
				1EA40CF10350D22C1821E2B2 /* Pods-DolphinFinancial.debug.xcconfig */,
				6ECADA240C054CA46010A78D /* Pods-DolphinFinancial.release.xcconfig */,
			);
			name = Pods;
			sourceTree = "<group>";
		};
		7B0A5F232064D16D0051249E /* View */ = {
			isa = PBXGroup;
			children = (
				7B431CF12068D8B000D89476 /* DNPayAlertView.h */,
				7B431CF22068D8B000D89476 /* DNPayAlertView.m */,
				7B0A5F242064D19B0051249E /* BaseTableView.h */,
				7B0A5F252064D19B0051249E /* BaseTableView.m */,
				7B0A5F272064D1AA0051249E /* BaseTableViewCell.h */,
				7B0A5F282064D1AA0051249E /* BaseTableViewCell.m */,
				7B103D29206A21C00012494C /* BaseCollectionViewCell.h */,
				7B103D2A206A21C00012494C /* BaseCollectionViewCell.m */,
			);
			path = View;
			sourceTree = "<group>";
		};
		7B2007DF205A7BEC00C3B723 = {
			isa = PBXGroup;
			children = (
				7B2007EA205A7BEC00C3B723 /* DolphinFinancial */,
				7B2007E9205A7BEC00C3B723 /* Products */,
				6FA854CF5B6F2F9884D60331 /* Pods */,
				31CAB17D7C5873020809C040 /* Frameworks */,
			);
			sourceTree = "<group>";
		};
		7B2007E9205A7BEC00C3B723 /* Products */ = {
			isa = PBXGroup;
			children = (
				7B2007E8205A7BEC00C3B723 /* DolphinFinancial.app */,
			);
			name = Products;
			sourceTree = "<group>";
		};
		7B2007EA205A7BEC00C3B723 /* DolphinFinancial */ = {
			isa = PBXGroup;
			children = (
				7B420133206B7BD00039A586 /* UserManager */,
				7B40E85720609A53005562D5 /* NetWorking */,
				7B48A4E6205BA18C0020FFE6 /* Tool */,
				7B40E8652060F7DC005562D5 /*  LogIn */,
				7B48A4E1205B72B20020FFE6 /* My */,
				7B48A4D6205B718E0020FFE6 /* Assets */,
				7B48A4D1205B71510020FFE6 /* Financial */,
				7B48A4CA205B70D80020FFE6 /* Home */,
				7B48A4C0205B64490020FFE6 /* BaseService */,
				7B2007EB205A7BEC00C3B723 /* AppDelegate.h */,
				7B2007EC205A7BEC00C3B723 /* AppDelegate.m */,
				7B2007F1205A7BEC00C3B723 /* Main.storyboard */,
				7B2007F4205A7BEC00C3B723 /* Assets.xcassets */,
				7B2007F6205A7BEC00C3B723 /* LaunchScreen.storyboard */,
				7B2007F9205A7BEC00C3B723 /* Info.plist */,
				7B2007FA205A7BEC00C3B723 /* main.m */,
				7BFFF72B205A82C1001E7E59 /* PrefixHeader.pch */,
				7BFFF72C205A84AD001E7E59 /* CommonConfig.h */,
				7BFDD0A9206DD982009B14F5 /* DolphinFinancialApi.h */,
			);
			path = DolphinFinancial;
			sourceTree = "<group>";
		};
		7B40E85720609A53005562D5 /* NetWorking */ = {
			isa = PBXGroup;
			children = (
				7B4EABA5206DD22C00693163 /* GTNetWorking.h */,
				7B4EABA4206DD22C00693163 /* GTNetWorking.m */,
			);
			path = NetWorking;
			sourceTree = "<group>";
		};
		7B40E85B20609DC2005562D5 /* View */ = {
			isa = PBXGroup;
			children = (
				7B40E85C20609E5E005562D5 /* MyInfoTableViewCell.h */,
				7B40E85D20609E5E005562D5 /* MyInfoTableViewCell.m */,
				7B40E85F2060A4D1005562D5 /* MyTitleAndExplainCell.h */,
				7B40E8602060A4D1005562D5 /* MyTitleAndExplainCell.m */,
				7B40E8622060A4FF005562D5 /* MyLogoutTableViewCell.h */,
				7B40E8632060A4FF005562D5 /* MyLogoutTableViewCell.m */,
				7B8485EA2068F87F000459C2 /* TextFieldTableViewCell.h */,
				7B8485EB2068F87F000459C2 /* TextFieldTableViewCell.m */,
				7B8485ED20690886000459C2 /* ChangePasswordButtonTableViewCell.h */,
				7B8485EE20690886000459C2 /* ChangePasswordButtonTableViewCell.m */,
				7B103D262069F7610012494C /* MessageCenterTableViewCell.h */,
				7B103D272069F7610012494C /* MessageCenterTableViewCell.m */,
				7B103D2C206A23060012494C /* MemberDetailsMyLevelCollectionViewCell.h */,
				7B103D2D206A23060012494C /* MemberDetailsMyLevelCollectionViewCell.m */,
				7B103D2F206A27840012494C /* MemberDetailsLevelRuleCollectionViewCell.h */,
				7B103D30206A27840012494C /* MemberDetailsLevelRuleCollectionViewCell.m */,
				7B103D32206A31FF0012494C /* MemberDetailsLevelOrPriceCollectionViewCell.h */,
				7B103D33206A31FF0012494C /* MemberDetailsLevelOrPriceCollectionViewCell.m */,
				7B73E182206A41E500A7C117 /* MemberDetailsLevelExplainCollectionViewCell.h */,
				7B73E183206A41E500A7C117 /* MemberDetailsLevelExplainCollectionViewCell.m */,
			);
			path = View;
			sourceTree = "<group>";
		};
		7B40E8652060F7DC005562D5 /*  LogIn */ = {
			isa = PBXGroup;
			children = (
				7B40E8662060F81A005562D5 /* Controller */,
			);
			path = " LogIn";
			sourceTree = "<group>";
		};
		7B40E8662060F81A005562D5 /* Controller */ = {
			isa = PBXGroup;
			children = (
				7B40E8672060F99C005562D5 /* LoginViewController.h */,
				7B40E8682060F99C005562D5 /* LoginViewController.m */,
				7B40E86A2060F9EA005562D5 /* SetPasswordController.h */,
				7B40E86B2060F9EA005562D5 /* SetPasswordController.m */,
				7B40E86D2060FA7C005562D5 /* SignUpViewController.h */,
				7B40E86E2060FA7C005562D5 /* SignUpViewController.m */,
			);
			path = Controller;
			sourceTree = "<group>";
		};
		7B420133206B7BD00039A586 /* UserManager */ = {
			isa = PBXGroup;
			children = (
				7B420134206B7BE90039A586 /* UserManager.h */,
				7B420135206B7BE90039A586 /* UserManager.m */,
			);
			path = UserManager;
			sourceTree = "<group>";
		};
		7B431953205F500C00040FBA /* View */ = {
			isa = PBXGroup;
			children = (
				7B431954205F50F300040FBA /* FinancialViewCell.h */,
				7B431955205F50F300040FBA /* FinancialViewCell.m */,
				7BFB419E206270B800FEED9E /* MyFinacialTableViewCell.h */,
				7BFB419F206270B800FEED9E /* MyFinacialTableViewCell.m */,
				7B7AA94A2063579600415C36 /* TargetAnnualRateOfReturnCell.h */,
				7B7AA94B2063579600415C36 /* TargetAnnualRateOfReturnCell.m */,
				7B7AA94D20635FDD00415C36 /* FinacialCollectionReusableView.h */,
				7B7AA94E20635FDD00415C36 /* FinacialCollectionReusableView.m */,
				7BCB08EC20638DEA00017FDD /* ProductDynamicCollectionViewCell.h */,
				7BCB08ED20638DEA00017FDD /* ProductDynamicCollectionViewCell.m */,
				7BCB08EF2063AE1B00017FDD /* FinacialExplainCollectionViewCell.h */,
				7BCB08F02063AE1B00017FDD /* FinacialExplainCollectionViewCell.m */,
				7B73E189206A59BE00A7C117 /* MyFinancialDetailsTotalTableViewCell.m */,
				7B73E188206A59BE00A7C117 /* MyFinancialDetailsTotalTableViewCell.h */,
				7B73E18B206A59E700A7C117 /* MyFinancialDetailsExplainTableViewCell.h */,
				7B73E18C206A59E700A7C117 /* MyFinancialDetailsExplainTableViewCell.m */,
				7B42012A206B43B80039A586 /* MyFinancialBorrowersHeadTableViewCell.h */,
				7B42012B206B43B80039A586 /* MyFinancialBorrowersHeadTableViewCell.m */,
				7B42012D206B43D20039A586 /* MyFinancialBorrowerTableViewCell.h */,
				7B42012E206B43D20039A586 /* MyFinancialBorrowerTableViewCell.m */,
				7B329DF2207CB425001A8F2D /* FinancialTranferProductNameTableViewCell.h */,
				7B329DF3207CB425001A8F2D /* FinancialTranferProductNameTableViewCell.m */,
				7B329DF5207CB85F001A8F2D /* FinancialTransferAmountTableViewCell.h */,
				7B329DF6207CB85F001A8F2D /* FinancialTransferAmountTableViewCell.m */,
				7B33DB91207F50A4003CA8A1 /* FinancialTransferInfoTableViewCell.h */,
				7B33DB92207F50A4003CA8A1 /* FinancialTransferInfoTableViewCell.m */,
				7B442592208057D500161123 /* FinancialTransferButtonTableViewCell.h */,
				7B442593208057D500161123 /* FinancialTransferButtonTableViewCell.m */,
			);
			path = View;
			sourceTree = "<group>";
		};
		7B431957205F683600040FBA /* View */ = {
			isa = PBXGroup;
			children = (
				7B43195B205F694700040FBA /* AssetsTotalCollectionViewCell.h */,
				7B43195C205F694700040FBA /* AssetsTotalCollectionViewCell.m */,
				7B431958205F687E00040FBA /* AssetsMoneyCollectionViewCell.h */,
				7B431959205F687E00040FBA /* AssetsMoneyCollectionViewCell.m */,
				7B43195E205F6AAE00040FBA /* AssetsTotalProfitCollectionViewCell.h */,
				7B43195F205F6AAE00040FBA /* AssetsTotalProfitCollectionViewCell.m */,
				7B431961205F8A6500040FBA /* AssetsProfitRecordsCollectionViewCell.h */,
				7B431962205F8A6500040FBA /* AssetsProfitRecordsCollectionViewCell.m */,
				7B431964205F8AF200040FBA /* AssetsYieldCurveCollectionViewCell.h */,
				7B431965205F8AF200040FBA /* AssetsYieldCurveCollectionViewCell.m */,
				7BCB08F52063C4A700017FDD /* AssetsRecordTableViewCell.h */,
				7BCB08F62063C4A700017FDD /* AssetsRecordTableViewCell.m */,
				7B0A5F1D2064B2370051249E /* WithdrawaisAccountNumberTableViewCell.h */,
				7B0A5F1E2064B2370051249E /* WithdrawaisAccountNumberTableViewCell.m */,
				7B0A5F202064B8C80051249E /* WithdrawaisPaymentDateTableViewCell.h */,
				7B0A5F212064B8C80051249E /* WithdrawaisPaymentDateTableViewCell.m */,
				7B431CE42068927C00D89476 /* WithdrawaisAmountTableViewCell.h */,
				7B431CE52068927C00D89476 /* WithdrawaisAmountTableViewCell.m */,
				7B431CE72068A19C00D89476 /* WithdrawalsConfirmTableViewCell.h */,
				7B431CE82068A19C00D89476 /* WithdrawalsConfirmTableViewCell.m */,
				7B04299E208F37580062F185 /* WithdrawaisMemberLevelTableViewCell.h */,
				7B04299F208F37580062F185 /* WithdrawaisMemberLevelTableViewCell.m */,
			);
			path = View;
			sourceTree = "<group>";
		};
		7B4425982080AC8D00161123 /* Model */ = {
			isa = PBXGroup;
			children = (
				7B4425992080ACB400161123 /* FinancailAsset.h */,
				7B44259A2080ACB400161123 /* FinancailAsset.m */,
				7B44259C2080B02800161123 /* AssetEarn.h */,
				7B44259D2080B02800161123 /* AssetEarn.m */,
				7BF38B1120872F3900B92419 /* FinacialRecord.h */,
				7BF38B1220872F3900B92419 /* FinacialRecord.m */,
			);
			path = Model;
			sourceTree = "<group>";
		};
		7B48A4C0205B64490020FFE6 /* BaseService */ = {
			isa = PBXGroup;
			children = (
				7B0A5F232064D16D0051249E /* View */,
				7B48A4C1205B64A00020FFE6 /* BaseViewController.h */,
				7B48A4C2205B64A00020FFE6 /* BaseViewController.m */,
				7B48A4C4205B70300020FFE6 /* BaseTabBarController.h */,
				7B48A4C5205B70300020FFE6 /* BaseTabBarController.m */,
				7B48A4C7205B70BA0020FFE6 /* BaseNavigationController.h */,
				7B48A4C8205B70BA0020FFE6 /* BaseNavigationController.m */,
			);
			path = BaseService;
			sourceTree = "<group>";
		};
		7B48A4CA205B70D80020FFE6 /* Home */ = {
			isa = PBXGroup;
			children = (
				7B48A4CD205B71290020FFE6 /* View */,
				7B48A4CC205B711F0020FFE6 /* Model */,
				7B48A4CB205B710D0020FFE6 /* Controller */,
			);
			path = Home;
			sourceTree = "<group>";
		};
		7B48A4CB205B710D0020FFE6 /* Controller */ = {
			isa = PBXGroup;
			children = (
				7B48A4DB205B72240020FFE6 /* HomeViewController.h */,
				7B48A4DC205B72240020FFE6 /* HomeViewController.m */,
			);
			path = Controller;
			sourceTree = "<group>";
		};
		7B48A4CC205B711F0020FFE6 /* Model */ = {
			isa = PBXGroup;
			children = (
				7B71B2DE2071D41E0013B787 /* DFNotice.h */,
				7B71B2DF2071D41E0013B787 /* DFNotice.m */,
				7B71B2E12071D5B20013B787 /* DFProduct.h */,
				7B71B2E22071D5B20013B787 /* DFProduct.m */,
			);
			path = Model;
			sourceTree = "<group>";
		};
		7B48A4CD205B71290020FFE6 /* View */ = {
			isa = PBXGroup;
			children = (
			);
			path = View;
			sourceTree = "<group>";
		};
		7B48A4D1205B71510020FFE6 /* Financial */ = {
			isa = PBXGroup;
			children = (
				7B71B2E42071DFED0013B787 /* Model */,
				7B431953205F500C00040FBA /* View */,
				7B48A4D2205B716F0020FFE6 /* Controller */,
			);
			path = Financial;
			sourceTree = "<group>";
		};
		7B48A4D2205B716F0020FFE6 /* Controller */ = {
			isa = PBXGroup;
			children = (
				7B48A4DE205B723E0020FFE6 /* FinacialViewController.h */,
				7B48A4DF205B723E0020FFE6 /* FinacialViewController.m */,
				7BFB419B20626D7100FEED9E /* MyFincialViewController.h */,
				7BFB419C20626D7100FEED9E /* MyFincialViewController.m */,
				7B43648E20633EB700F1D110 /* FinacialDetailsController.h */,
				7B43648F20633EB700F1D110 /* FinacialDetailsController.m */,
				7B329DEF207C9D94001A8F2D /* FinacialTransferViewController.h */,
				7B329DF0207C9D94001A8F2D /* FinacialTransferViewController.m */,
				7B73E185206A590100A7C117 /* MyFinancialDetailsViewController.h */,
				7B73E186206A590100A7C117 /* MyFinancialDetailsViewController.m */,
				7B420127206B2B200039A586 /* MyFinancialBorrowersViewController.h */,
				7B420128206B2B200039A586 /* MyFinancialBorrowersViewController.m */,
			);
			path = Controller;
			sourceTree = "<group>";
		};
		7B48A4D6205B718E0020FFE6 /* Assets */ = {
			isa = PBXGroup;
			children = (
				7B4425982080AC8D00161123 /* Model */,
				7B431957205F683600040FBA /* View */,
				7B48A4D7205B71BD0020FFE6 /* Controller */,
			);
			path = Assets;
			sourceTree = "<group>";
		};
		7B48A4D7205B71BD0020FFE6 /* Controller */ = {
			isa = PBXGroup;
			children = (
				7B48A4D8205B71DF0020FFE6 /* AssetsViewController.h */,
				7B48A4D9205B71DF0020FFE6 /* AssetsViewController.m */,
				7BCB08F22063C28400017FDD /* AssetsRecordViewController.h */,
				7BCB08F32063C28400017FDD /* AssetsRecordViewController.m */,
				7BCB08F82063CC1700017FDD /* BalanceViewController.h */,
				7BCB08F92063CC1700017FDD /* BalanceViewController.m */,
				7B61A42320649C350001F77F /* WithdrawalsViewController.h */,
				7B61A42420649C350001F77F /* WithdrawalsViewController.m */,
				7B61A42620649D170001F77F /* RechargeViewController.h */,
				7B61A42720649D170001F77F /* RechargeViewController.m */,
			);
			path = Controller;
			sourceTree = "<group>";
		};
		7B48A4E1205B72B20020FFE6 /* My */ = {
			isa = PBXGroup;
			children = (
				7B40E85B20609DC2005562D5 /* View */,
				7B48A4E2205B72BC0020FFE6 /* Controller */,
			);
			path = My;
			sourceTree = "<group>";
		};
		7B48A4E2205B72BC0020FFE6 /* Controller */ = {
			isa = PBXGroup;
			children = (
				7B48A4E3205B73060020FFE6 /* MyViewController.h */,
				7B48A4E4205B73060020FFE6 /* MyViewController.m */,
				7B8485D82068F197000459C2 /* MemberDetailsViewController.h */,
				7B8485D92068F197000459C2 /* MemberDetailsViewController.m */,
				7B8485DB2068F1D2000459C2 /* ChangePasswordViewController.h */,
				7B8485DC2068F1D2000459C2 /* ChangePasswordViewController.m */,
				7B8485E12068F204000459C2 /* MessageCenterViewController.h */,
				7B8485E22068F204000459C2 /* MessageCenterViewController.m */,
				7B8485E42068F223000459C2 /* QuestionFeedbackViewController.h */,
				7B8485E52068F223000459C2 /* QuestionFeedbackViewController.m */,
				7B8485E72068F232000459C2 /* AboutUsViewController.h */,
				7B8485E82068F232000459C2 /* AboutUsViewController.m */,
			);
			path = Controller;
			sourceTree = "<group>";
		};
		7B48A4E6205BA18C0020FFE6 /* Tool */ = {
			isa = PBXGroup;
			children = (
				7B103D232069F2870012494C /* ZTTextView.h */,
				7B103D242069F2870012494C /* ZTTextView.m */,
				7B48A4E7205BA1A50020FFE6 /* UIImage+ImageWithColor.h */,
				7B48A4E8205BA1A50020FFE6 /* UIImage+ImageWithColor.m */,
				7BFB419820620CB000FEED9E /* MBProgressHUD+DFStyle.h */,
				7BFB419920620CB000FEED9E /* MBProgressHUD+DFStyle.m */,
				7B103D202069EC3F0012494C /* UILabel+ChangeLineSpaceAndWordSpace.h */,
				7B103D212069EC3F0012494C /* UILabel+ChangeLineSpaceAndWordSpace.m */,
				7B4EABA1206DCF7400693163 /* GTUtil.h */,
				7B4EABA2206DCF7400693163 /* GTUtil.m */,
			);
			path = Tool;
			sourceTree = "<group>";
		};
		7B71B2E42071DFED0013B787 /* Model */ = {
			isa = PBXGroup;
			children = (
				7B71B2E52071E0030013B787 /* UserFinancial.h */,
				7B71B2E62071E0030013B787 /* UserFinancial.m */,
				7B71B2E82071E1150013B787 /* Borrower.h */,
				7B71B2E92071E1150013B787 /* Borrower.m */,
				7BFCB6722079B37500E4A5DE /* DFProductDynamics.h */,
				7BFCB6732079B37500E4A5DE /* DFProductDynamics.m */,
				7B4425952080960D00161123 /* FinancialTransferModel.h */,
				7B4425962080960D00161123 /* FinancialTransferModel.m */,
			);
			path = Model;
			sourceTree = "<group>";
		};
/* End PBXGroup section */

/* Begin PBXNativeTarget section */
		7B2007E7205A7BEC00C3B723 /* DolphinFinancial */ = {
			isa = PBXNativeTarget;
			buildConfigurationList = 7B2007FE205A7BEC00C3B723 /* Build configuration list for PBXNativeTarget "DolphinFinancial" */;
			buildPhases = (
				0635A26ABEC6744BBF6FA215 /* [CP] Check Pods Manifest.lock */,
				7B2007E4205A7BEC00C3B723 /* Sources */,
				7B2007E5205A7BEC00C3B723 /* Frameworks */,
				7B2007E6205A7BEC00C3B723 /* Resources */,
				136406FFB30AAF742E34D310 /* [CP] Embed Pods Frameworks */,
				6E0A7854A917A7044FC015A7 /* [CP] Copy Pods Resources */,
			);
			buildRules = (
			);
			dependencies = (
			);
			name = DolphinFinancial;
			productName = DolphinFinancial;
			productReference = 7B2007E8205A7BEC00C3B723 /* DolphinFinancial.app */;
			productType = "com.apple.product-type.application";
		};
/* End PBXNativeTarget section */

/* Begin PBXProject section */
		7B2007E0205A7BEC00C3B723 /* Project object */ = {
			isa = PBXProject;
			attributes = {
				LastUpgradeCheck = 0910;
				ORGANIZATIONNAME = zhantong;
				TargetAttributes = {
					7B2007E7205A7BEC00C3B723 = {
						CreatedOnToolsVersion = 9.1;
						ProvisioningStyle = Automatic;
					};
				};
			};
			buildConfigurationList = 7B2007E3205A7BEC00C3B723 /* Build configuration list for PBXProject "DolphinFinancial" */;
			compatibilityVersion = "Xcode 8.0";
			developmentRegion = en;
			hasScannedForEncodings = 0;
			knownRegions = (
				en,
				Base,
			);
			mainGroup = 7B2007DF205A7BEC00C3B723;
			productRefGroup = 7B2007E9205A7BEC00C3B723 /* Products */;
			projectDirPath = "";
			projectRoot = "";
			targets = (
				7B2007E7205A7BEC00C3B723 /* DolphinFinancial */,
			);
		};
/* End PBXProject section */

/* Begin PBXResourcesBuildPhase section */
		7B2007E6205A7BEC00C3B723 /* Resources */ = {
			isa = PBXResourcesBuildPhase;
			buildActionMask = 2147483647;
			files = (
				7B2007F8205A7BEC00C3B723 /* LaunchScreen.storyboard in Resources */,
				7B2007F5205A7BEC00C3B723 /* Assets.xcassets in Resources */,
				7B2007F3205A7BEC00C3B723 /* Main.storyboard in Resources */,
			);
			runOnlyForDeploymentPostprocessing = 0;
		};
/* End PBXResourcesBuildPhase section */

/* Begin PBXShellScriptBuildPhase section */
		0635A26ABEC6744BBF6FA215 /* [CP] Check Pods Manifest.lock */ = {
			isa = PBXShellScriptBuildPhase;
			buildActionMask = 2147483647;
			files = (
			);
			inputPaths = (
				"${PODS_PODFILE_DIR_PATH}/Podfile.lock",
				"${PODS_ROOT}/Manifest.lock",
			);
			name = "[CP] Check Pods Manifest.lock";
			outputPaths = (
				"$(DERIVED_FILE_DIR)/Pods-DolphinFinancial-checkManifestLockResult.txt",
			);
			runOnlyForDeploymentPostprocessing = 0;
			shellPath = /bin/sh;
			shellScript = "diff \"${PODS_PODFILE_DIR_PATH}/Podfile.lock\" \"${PODS_ROOT}/Manifest.lock\" > /dev/null\nif [ $? != 0 ] ; then\n    # print error to STDERR\n    echo \"error: The sandbox is not in sync with the Podfile.lock. Run 'pod install' or update your CocoaPods installation.\" >&2\n    exit 1\nfi\n# This output is used by Xcode 'outputs' to avoid re-running this script phase.\necho \"SUCCESS\" > \"${SCRIPT_OUTPUT_FILE_0}\"\n";
			showEnvVarsInLog = 0;
		};
		136406FFB30AAF742E34D310 /* [CP] Embed Pods Frameworks */ = {
			isa = PBXShellScriptBuildPhase;
			buildActionMask = 2147483647;
			files = (
			);
			inputPaths = (
				"${SRCROOT}/Pods/Target Support Files/Pods-DolphinFinancial/Pods-DolphinFinancial-frameworks.sh",
				"${BUILT_PRODUCTS_DIR}/AFNetworking/AFNetworking.framework",
				"${BUILT_PRODUCTS_DIR}/Charts/Charts.framework",
				"${BUILT_PRODUCTS_DIR}/MBProgressHUD/MBProgressHUD.framework",
				"${BUILT_PRODUCTS_DIR}/MJRefresh/MJRefresh.framework",
				"${BUILT_PRODUCTS_DIR}/Masonry/Masonry.framework",
				"${BUILT_PRODUCTS_DIR}/SDWebImage/SDWebImage.framework",
				"${BUILT_PRODUCTS_DIR}/YYModel/YYModel.framework",
			);
			name = "[CP] Embed Pods Frameworks";
			outputPaths = (
				"${TARGET_BUILD_DIR}/${FRAMEWORKS_FOLDER_PATH}/AFNetworking.framework",
				"${TARGET_BUILD_DIR}/${FRAMEWORKS_FOLDER_PATH}/Charts.framework",
				"${TARGET_BUILD_DIR}/${FRAMEWORKS_FOLDER_PATH}/MBProgressHUD.framework",
				"${TARGET_BUILD_DIR}/${FRAMEWORKS_FOLDER_PATH}/MJRefresh.framework",
				"${TARGET_BUILD_DIR}/${FRAMEWORKS_FOLDER_PATH}/Masonry.framework",
				"${TARGET_BUILD_DIR}/${FRAMEWORKS_FOLDER_PATH}/SDWebImage.framework",
				"${TARGET_BUILD_DIR}/${FRAMEWORKS_FOLDER_PATH}/YYModel.framework",
			);
			runOnlyForDeploymentPostprocessing = 0;
			shellPath = /bin/sh;
			shellScript = "\"${SRCROOT}/Pods/Target Support Files/Pods-DolphinFinancial/Pods-DolphinFinancial-frameworks.sh\"\n";
			showEnvVarsInLog = 0;
		};
		6E0A7854A917A7044FC015A7 /* [CP] Copy Pods Resources */ = {
			isa = PBXShellScriptBuildPhase;
			buildActionMask = 2147483647;
			files = (
			);
			inputPaths = (
				"${SRCROOT}/Pods/Target Support Files/Pods-DolphinFinancial/Pods-DolphinFinancial-resources.sh",
				"${PODS_ROOT}/MJRefresh/MJRefresh/MJRefresh.bundle",
			);
			name = "[CP] Copy Pods Resources";
			outputPaths = (
				"${TARGET_BUILD_DIR}/${UNLOCALIZED_RESOURCES_FOLDER_PATH}",
			);
			runOnlyForDeploymentPostprocessing = 0;
			shellPath = /bin/sh;
			shellScript = "\"${SRCROOT}/Pods/Target Support Files/Pods-DolphinFinancial/Pods-DolphinFinancial-resources.sh\"\n";
			showEnvVarsInLog = 0;
		};
/* End PBXShellScriptBuildPhase section */

/* Begin PBXSourcesBuildPhase section */
		7B2007E4205A7BEC00C3B723 /* Sources */ = {
			isa = PBXSourcesBuildPhase;
			buildActionMask = 2147483647;
			files = (
				7B4425972080960D00161123 /* FinancialTransferModel.m in Sources */,
				7B7AA94F20635FDD00415C36 /* FinacialCollectionReusableView.m in Sources */,
				7BFCB6742079B37500E4A5DE /* DFProductDynamics.m in Sources */,
				7B71B2E32071D5B20013B787 /* DFProduct.m in Sources */,
				7B48A4E9205BA1A50020FFE6 /* UIImage+ImageWithColor.m in Sources */,
				7BCB08EE20638DEA00017FDD /* ProductDynamicCollectionViewCell.m in Sources */,
				7B61A42520649C350001F77F /* WithdrawalsViewController.m in Sources */,
				7B61A42820649D170001F77F /* RechargeViewController.m in Sources */,
				7B48A4C6205B70300020FFE6 /* BaseTabBarController.m in Sources */,
				7B431963205F8A6500040FBA /* AssetsProfitRecordsCollectionViewCell.m in Sources */,
				7B8485EC2068F87F000459C2 /* TextFieldTableViewCell.m in Sources */,
				7B103D282069F7610012494C /* MessageCenterTableViewCell.m in Sources */,
				7B40E8642060A4FF005562D5 /* MyLogoutTableViewCell.m in Sources */,
				7B40E8692060F99C005562D5 /* LoginViewController.m in Sources */,
				7B73E187206A590100A7C117 /* MyFinancialDetailsViewController.m in Sources */,
				7B431956205F50F300040FBA /* FinancialViewCell.m in Sources */,
				7B0A5F262064D19B0051249E /* BaseTableView.m in Sources */,
				7B48A4DA205B71DF0020FFE6 /* AssetsViewController.m in Sources */,
				7B431CF32068D8B000D89476 /* DNPayAlertView.m in Sources */,
				7B7AA94C2063579600415C36 /* TargetAnnualRateOfReturnCell.m in Sources */,
				7B48A4C9205B70BA0020FFE6 /* BaseNavigationController.m in Sources */,
				7B420129206B2B200039A586 /* MyFinancialBorrowersViewController.m in Sources */,
				7BCB08F72063C4A700017FDD /* AssetsRecordTableViewCell.m in Sources */,
				7B431CE92068A19C00D89476 /* WithdrawalsConfirmTableViewCell.m in Sources */,
				7B40E86C2060F9EA005562D5 /* SetPasswordController.m in Sources */,
				7B43649020633EB700F1D110 /* FinacialDetailsController.m in Sources */,
				7B103D222069EC3F0012494C /* UILabel+ChangeLineSpaceAndWordSpace.m in Sources */,
				7B103D2B206A21C00012494C /* BaseCollectionViewCell.m in Sources */,
				7B71B2E02071D41E0013B787 /* DFNotice.m in Sources */,
				7B43195A205F687E00040FBA /* AssetsMoneyCollectionViewCell.m in Sources */,
				7B8485E92068F232000459C2 /* AboutUsViewController.m in Sources */,
				7B431CE62068927C00D89476 /* WithdrawaisAmountTableViewCell.m in Sources */,
				7B48A4E5205B73060020FFE6 /* MyViewController.m in Sources */,
				7B43195D205F694700040FBA /* AssetsTotalCollectionViewCell.m in Sources */,
				7B44259B2080ACB400161123 /* FinancailAsset.m in Sources */,
				7B8485DD2068F1D2000459C2 /* ChangePasswordViewController.m in Sources */,
				7B40E85E20609E5E005562D5 /* MyInfoTableViewCell.m in Sources */,
				7B0A5F292064D1AA0051249E /* BaseTableViewCell.m in Sources */,
				7B40E8612060A4D1005562D5 /* MyTitleAndExplainCell.m in Sources */,
				7B0A5F222064B8C80051249E /* WithdrawaisPaymentDateTableViewCell.m in Sources */,
				7B103D34206A31FF0012494C /* MemberDetailsLevelOrPriceCollectionViewCell.m in Sources */,
				7B431966205F8AF200040FBA /* AssetsYieldCurveCollectionViewCell.m in Sources */,
				7B8485EF20690886000459C2 /* ChangePasswordButtonTableViewCell.m in Sources */,
				7B8485E62068F223000459C2 /* QuestionFeedbackViewController.m in Sources */,
				7B73E18A206A59BE00A7C117 /* MyFinancialDetailsTotalTableViewCell.m in Sources */,
				7B0A5F1F2064B2370051249E /* WithdrawaisAccountNumberTableViewCell.m in Sources */,
				7B329DF7207CB85F001A8F2D /* FinancialTransferAmountTableViewCell.m in Sources */,
				7B329DF1207C9D94001A8F2D /* FinacialTransferViewController.m in Sources */,
				7B48A4C3205B64A00020FFE6 /* BaseViewController.m in Sources */,
				7BF38B1320872F3900B92419 /* FinacialRecord.m in Sources */,
				7B2007FB205A7BEC00C3B723 /* main.m in Sources */,
				7BCB08FA2063CC1700017FDD /* BalanceViewController.m in Sources */,
				7B431960205F6AAE00040FBA /* AssetsTotalProfitCollectionViewCell.m in Sources */,
				7B44259E2080B02800161123 /* AssetEarn.m in Sources */,
				7B42012C206B43B80039A586 /* MyFinancialBorrowersHeadTableViewCell.m in Sources */,
				7BCB08F42063C28400017FDD /* AssetsRecordViewController.m in Sources */,
				7B2007ED205A7BEC00C3B723 /* AppDelegate.m in Sources */,
				7B4EABA6206DD22C00693163 /* GTNetWorking.m in Sources */,
				7B329DF4207CB425001A8F2D /* FinancialTranferProductNameTableViewCell.m in Sources */,
				7B8485DA2068F197000459C2 /* MemberDetailsViewController.m in Sources */,
				7B42012F206B43D20039A586 /* MyFinancialBorrowerTableViewCell.m in Sources */,
				7BCB08F12063AE1B00017FDD /* FinacialExplainCollectionViewCell.m in Sources */,
				7B71B2E72071E0030013B787 /* UserFinancial.m in Sources */,
				7B33DB93207F50A4003CA8A1 /* FinancialTransferInfoTableViewCell.m in Sources */,
				7B0429A0208F37580062F185 /* WithdrawaisMemberLevelTableViewCell.m in Sources */,
				7B420136206B7BE90039A586 /* UserManager.m in Sources */,
				7B73E18D206A59E700A7C117 /* MyFinancialDetailsExplainTableViewCell.m in Sources */,
				7BFB41A0206270B800FEED9E /* MyFinacialTableViewCell.m in Sources */,
				7B8485E32068F204000459C2 /* MessageCenterViewController.m in Sources */,
				7B4EABA3206DCF7400693163 /* GTUtil.m in Sources */,
				7B48A4DD205B72240020FFE6 /* HomeViewController.m in Sources */,
				7B103D2E206A23060012494C /* MemberDetailsMyLevelCollectionViewCell.m in Sources */,
				7BFB419A20620CB000FEED9E /* MBProgressHUD+DFStyle.m in Sources */,
				7B71B2EA2071E1150013B787 /* Borrower.m in Sources */,
				7B40E86F2060FA7C005562D5 /* SignUpViewController.m in Sources */,
				7B442594208057D500161123 /* FinancialTransferButtonTableViewCell.m in Sources */,
				7B48A4E0205B723E0020FFE6 /* FinacialViewController.m in Sources */,
				7BFB419D20626D7100FEED9E /* MyFincialViewController.m in Sources */,
				7B103D31206A27840012494C /* MemberDetailsLevelRuleCollectionViewCell.m in Sources */,
				7B103D252069F2870012494C /* ZTTextView.m in Sources */,
				7B73E184206A41E500A7C117 /* MemberDetailsLevelExplainCollectionViewCell.m in Sources */,
			);
			runOnlyForDeploymentPostprocessing = 0;
		};
/* End PBXSourcesBuildPhase section */

/* Begin PBXVariantGroup section */
		7B2007F1205A7BEC00C3B723 /* Main.storyboard */ = {
			isa = PBXVariantGroup;
			children = (
				7B2007F2205A7BEC00C3B723 /* Base */,
			);
			name = Main.storyboard;
			sourceTree = "<group>";
		};
		7B2007F6205A7BEC00C3B723 /* LaunchScreen.storyboard */ = {
			isa = PBXVariantGroup;
			children = (
				7B2007F7205A7BEC00C3B723 /* Base */,
			);
			name = LaunchScreen.storyboard;
			sourceTree = "<group>";
		};
/* End PBXVariantGroup section */

/* Begin XCBuildConfiguration section */
		7B2007FC205A7BEC00C3B723 /* Debug */ = {
			isa = XCBuildConfiguration;
			buildSettings = {
				ALWAYS_SEARCH_USER_PATHS = NO;
				CLANG_ANALYZER_NONNULL = YES;
				CLANG_ANALYZER_NUMBER_OBJECT_CONVERSION = YES_AGGRESSIVE;
				CLANG_CXX_LANGUAGE_STANDARD = "gnu++14";
				CLANG_CXX_LIBRARY = "libc++";
				CLANG_ENABLE_MODULES = YES;
				CLANG_ENABLE_OBJC_ARC = YES;
				CLANG_WARN_BLOCK_CAPTURE_AUTORELEASING = YES;
				CLANG_WARN_BOOL_CONVERSION = YES;
				CLANG_WARN_COMMA = YES;
				CLANG_WARN_CONSTANT_CONVERSION = YES;
				CLANG_WARN_DIRECT_OBJC_ISA_USAGE = YES_ERROR;
				CLANG_WARN_DOCUMENTATION_COMMENTS = YES;
				CLANG_WARN_EMPTY_BODY = YES;
				CLANG_WARN_ENUM_CONVERSION = YES;
				CLANG_WARN_INFINITE_RECURSION = YES;
				CLANG_WARN_INT_CONVERSION = YES;
				CLANG_WARN_NON_LITERAL_NULL_CONVERSION = YES;
				CLANG_WARN_OBJC_LITERAL_CONVERSION = YES;
				CLANG_WARN_OBJC_ROOT_CLASS = YES_ERROR;
				CLANG_WARN_RANGE_LOOP_ANALYSIS = YES;
				CLANG_WARN_STRICT_PROTOTYPES = YES;
				CLANG_WARN_SUSPICIOUS_MOVE = YES;
				CLANG_WARN_UNGUARDED_AVAILABILITY = YES_AGGRESSIVE;
				CLANG_WARN_UNREACHABLE_CODE = YES;
				CLANG_WARN__DUPLICATE_METHOD_MATCH = YES;
				CODE_SIGN_IDENTITY = "iPhone Developer";
				COPY_PHASE_STRIP = NO;
				DEBUG_INFORMATION_FORMAT = dwarf;
				ENABLE_STRICT_OBJC_MSGSEND = YES;
				ENABLE_TESTABILITY = YES;
				GCC_C_LANGUAGE_STANDARD = gnu11;
				GCC_DYNAMIC_NO_PIC = NO;
				GCC_NO_COMMON_BLOCKS = YES;
				GCC_OPTIMIZATION_LEVEL = 0;
				GCC_PREPROCESSOR_DEFINITIONS = (
					"DEBUG=1",
					"$(inherited)",
				);
				GCC_WARN_64_TO_32_BIT_CONVERSION = YES;
				GCC_WARN_ABOUT_RETURN_TYPE = YES_ERROR;
				GCC_WARN_UNDECLARED_SELECTOR = YES;
				GCC_WARN_UNINITIALIZED_AUTOS = YES_AGGRESSIVE;
				GCC_WARN_UNUSED_FUNCTION = YES;
				GCC_WARN_UNUSED_VARIABLE = YES;
				IPHONEOS_DEPLOYMENT_TARGET = 11.1;
				MTL_ENABLE_DEBUG_INFO = YES;
				ONLY_ACTIVE_ARCH = YES;
				SDKROOT = iphoneos;
			};
			name = Debug;
		};
		7B2007FD205A7BEC00C3B723 /* Release */ = {
			isa = XCBuildConfiguration;
			buildSettings = {
				ALWAYS_SEARCH_USER_PATHS = NO;
				CLANG_ANALYZER_NONNULL = YES;
				CLANG_ANALYZER_NUMBER_OBJECT_CONVERSION = YES_AGGRESSIVE;
				CLANG_CXX_LANGUAGE_STANDARD = "gnu++14";
				CLANG_CXX_LIBRARY = "libc++";
				CLANG_ENABLE_MODULES = YES;
				CLANG_ENABLE_OBJC_ARC = YES;
				CLANG_WARN_BLOCK_CAPTURE_AUTORELEASING = YES;
				CLANG_WARN_BOOL_CONVERSION = YES;
				CLANG_WARN_COMMA = YES;
				CLANG_WARN_CONSTANT_CONVERSION = YES;
				CLANG_WARN_DIRECT_OBJC_ISA_USAGE = YES_ERROR;
				CLANG_WARN_DOCUMENTATION_COMMENTS = YES;
				CLANG_WARN_EMPTY_BODY = YES;
				CLANG_WARN_ENUM_CONVERSION = YES;
				CLANG_WARN_INFINITE_RECURSION = YES;
				CLANG_WARN_INT_CONVERSION = YES;
				CLANG_WARN_NON_LITERAL_NULL_CONVERSION = YES;
				CLANG_WARN_OBJC_LITERAL_CONVERSION = YES;
				CLANG_WARN_OBJC_ROOT_CLASS = YES_ERROR;
				CLANG_WARN_RANGE_LOOP_ANALYSIS = YES;
				CLANG_WARN_STRICT_PROTOTYPES = YES;
				CLANG_WARN_SUSPICIOUS_MOVE = YES;
				CLANG_WARN_UNGUARDED_AVAILABILITY = YES_AGGRESSIVE;
				CLANG_WARN_UNREACHABLE_CODE = YES;
				CLANG_WARN__DUPLICATE_METHOD_MATCH = YES;
				CODE_SIGN_IDENTITY = "iPhone Developer";
				COPY_PHASE_STRIP = NO;
				DEBUG_INFORMATION_FORMAT = "dwarf-with-dsym";
				ENABLE_NS_ASSERTIONS = NO;
				ENABLE_STRICT_OBJC_MSGSEND = YES;
				GCC_C_LANGUAGE_STANDARD = gnu11;
				GCC_NO_COMMON_BLOCKS = YES;
				GCC_WARN_64_TO_32_BIT_CONVERSION = YES;
				GCC_WARN_ABOUT_RETURN_TYPE = YES_ERROR;
				GCC_WARN_UNDECLARED_SELECTOR = YES;
				GCC_WARN_UNINITIALIZED_AUTOS = YES_AGGRESSIVE;
				GCC_WARN_UNUSED_FUNCTION = YES;
				GCC_WARN_UNUSED_VARIABLE = YES;
				IPHONEOS_DEPLOYMENT_TARGET = 11.1;
				MTL_ENABLE_DEBUG_INFO = NO;
				SDKROOT = iphoneos;
				VALIDATE_PRODUCT = YES;
			};
			name = Release;
		};
		7B2007FF205A7BEC00C3B723 /* Debug */ = {
			isa = XCBuildConfiguration;
			baseConfigurationReference = 1EA40CF10350D22C1821E2B2 /* Pods-DolphinFinancial.debug.xcconfig */;
			buildSettings = {
				ASSETCATALOG_COMPILER_APPICON_NAME = AppIcon;
				ASSETCATALOG_COMPILER_LAUNCHIMAGE_NAME = LaunchImage;
				"CODE_SIGN_IDENTITY[sdk=iphoneos*]" = "iPhone Developer";
				CODE_SIGN_STYLE = Automatic;
				DEVELOPMENT_TEAM = 3HY799MBKL;
				GCC_PREFIX_HEADER = "$(SRCROOT)/DolphinFinancial/PrefixHeader.pch";
				INFOPLIST_FILE = DolphinFinancial/Info.plist;
				IPHONEOS_DEPLOYMENT_TARGET = 8.0;
				LD_RUNPATH_SEARCH_PATHS = "$(inherited) @executable_path/Frameworks";
				PRODUCT_BUNDLE_IDENTIFIER = DolphinFinancial;
				PRODUCT_NAME = "$(TARGET_NAME)";
				PROVISIONING_PROFILE_SPECIFIER = "";
				TARGETED_DEVICE_FAMILY = 1;
			};
			name = Debug;
		};
		7B200800205A7BEC00C3B723 /* Release */ = {
			isa = XCBuildConfiguration;
			baseConfigurationReference = 6ECADA240C054CA46010A78D /* Pods-DolphinFinancial.release.xcconfig */;
			buildSettings = {
				ASSETCATALOG_COMPILER_APPICON_NAME = AppIcon;
				ASSETCATALOG_COMPILER_LAUNCHIMAGE_NAME = LaunchImage;
				"CODE_SIGN_IDENTITY[sdk=iphoneos*]" = "iPhone Developer";
				CODE_SIGN_STYLE = Automatic;
				DEVELOPMENT_TEAM = 3HY799MBKL;
				GCC_PREFIX_HEADER = "$(SRCROOT)/DolphinFinancial/PrefixHeader.pch";
				INFOPLIST_FILE = DolphinFinancial/Info.plist;
				IPHONEOS_DEPLOYMENT_TARGET = 8.0;
				LD_RUNPATH_SEARCH_PATHS = "$(inherited) @executable_path/Frameworks";
				PRODUCT_BUNDLE_IDENTIFIER = DolphinFinancial;
				PRODUCT_NAME = "$(TARGET_NAME)";
				PROVISIONING_PROFILE_SPECIFIER = "";
				TARGETED_DEVICE_FAMILY = 1;
			};
			name = Release;
		};
/* End XCBuildConfiguration section */

/* Begin XCConfigurationList section */
		7B2007E3205A7BEC00C3B723 /* Build configuration list for PBXProject "DolphinFinancial" */ = {
			isa = XCConfigurationList;
			buildConfigurations = (
				7B2007FC205A7BEC00C3B723 /* Debug */,
				7B2007FD205A7BEC00C3B723 /* Release */,
			);
			defaultConfigurationIsVisible = 0;
			defaultConfigurationName = Release;
		};
		7B2007FE205A7BEC00C3B723 /* Build configuration list for PBXNativeTarget "DolphinFinancial" */ = {
			isa = XCConfigurationList;
			buildConfigurations = (
				7B2007FF205A7BEC00C3B723 /* Debug */,
				7B200800205A7BEC00C3B723 /* Release */,
			);
			defaultConfigurationIsVisible = 0;
			defaultConfigurationName = Release;
		};
/* End XCConfigurationList section */
	};
	rootObject = 7B2007E0205A7BEC00C3B723 /* Project object */;
}
