// !$*UTF8*$!
{
	archiveVersion = 1;
	classes = {
	};
	objectVersion = 48;
	objects = {

/* Begin PBXBuildFile section */
		7B2007ED205A7BEC00C3B723 /* AppDelegate.m in Sources */ = {isa = PBXBuildFile; fileRef = 7B2007EC205A7BEC00C3B723 /* AppDelegate.m */; };
		7B2007F0205A7BEC00C3B723 /* ViewController.m in Sources */ = {isa = PBXBuildFile; fileRef = 7B2007EF205A7BEC00C3B723 /* ViewController.m */; };
		7B2007F3205A7BEC00C3B723 /* Main.storyboard in Resources */ = {isa = PBXBuildFile; fileRef = 7B2007F1205A7BEC00C3B723 /* Main.storyboard */; };
		7B2007F5205A7BEC00C3B723 /* Assets.xcassets in Resources */ = {isa = PBXBuildFile; fileRef = 7B2007F4205A7BEC00C3B723 /* Assets.xcassets */; };
		7B2007F8205A7BEC00C3B723 /* LaunchScreen.storyboard in Resources */ = {isa = PBXBuildFile; fileRef = 7B2007F6205A7BEC00C3B723 /* LaunchScreen.storyboard */; };
		7B2007FB205A7BEC00C3B723 /* main.m in Sources */ = {isa = PBXBuildFile; fileRef = 7B2007FA205A7BEC00C3B723 /* main.m */; };
		F3EC908D1C1A5C55AF4E26DD /* libPods-DolphinFinancial.a in Frameworks */ = {isa = PBXBuildFile; fileRef = 06E5FF58CECA4AEE9273AAC8 /* libPods-DolphinFinancial.a */; };
/* End PBXBuildFile section */

/* Begin PBXFileReference section */
		06E5FF58CECA4AEE9273AAC8 /* libPods-DolphinFinancial.a */ = {isa = PBXFileReference; explicitFileType = archive.ar; includeInIndex = 0; path = "libPods-DolphinFinancial.a"; sourceTree = BUILT_PRODUCTS_DIR; };
		1EA40CF10350D22C1821E2B2 /* Pods-DolphinFinancial.debug.xcconfig */ = {isa = PBXFileReference; includeInIndex = 1; lastKnownFileType = text.xcconfig; name = "Pods-DolphinFinancial.debug.xcconfig"; path = "Pods/Target Support Files/Pods-DolphinFinancial/Pods-DolphinFinancial.debug.xcconfig"; sourceTree = "<group>"; };
		6ECADA240C054CA46010A78D /* Pods-DolphinFinancial.release.xcconfig */ = {isa = PBXFileReference; includeInIndex = 1; lastKnownFileType = text.xcconfig; name = "Pods-DolphinFinancial.release.xcconfig"; path = "Pods/Target Support Files/Pods-DolphinFinancial/Pods-DolphinFinancial.release.xcconfig"; sourceTree = "<group>"; };
		7B2007E8205A7BEC00C3B723 /* DolphinFinancial.app */ = {isa = PBXFileReference; explicitFileType = wrapper.application; includeInIndex = 0; path = DolphinFinancial.app; sourceTree = BUILT_PRODUCTS_DIR; };
		7B2007EB205A7BEC00C3B723 /* AppDelegate.h */ = {isa = PBXFileReference; lastKnownFileType = sourcecode.c.h; path = AppDelegate.h; sourceTree = "<group>"; };
		7B2007EC205A7BEC00C3B723 /* AppDelegate.m */ = {isa = PBXFileReference; lastKnownFileType = sourcecode.c.objc; path = AppDelegate.m; sourceTree = "<group>"; };
		7B2007EE205A7BEC00C3B723 /* ViewController.h */ = {isa = PBXFileReference; lastKnownFileType = sourcecode.c.h; path = ViewController.h; sourceTree = "<group>"; };
		7B2007EF205A7BEC00C3B723 /* ViewController.m */ = {isa = PBXFileReference; lastKnownFileType = sourcecode.c.objc; path = ViewController.m; sourceTree = "<group>"; };
		7B2007F2205A7BEC00C3B723 /* Base */ = {isa = PBXFileReference; lastKnownFileType = file.storyboard; name = Base; path = Base.lproj/Main.storyboard; sourceTree = "<group>"; };
		7B2007F4205A7BEC00C3B723 /* Assets.xcassets */ = {isa = PBXFileReference; lastKnownFileType = folder.assetcatalog; path = Assets.xcassets; sourceTree = "<group>"; };
		7B2007F7205A7BEC00C3B723 /* Base */ = {isa = PBXFileReference; lastKnownFileType = file.storyboard; name = Base; path = Base.lproj/LaunchScreen.storyboard; sourceTree = "<group>"; };
		7B2007F9205A7BEC00C3B723 /* Info.plist */ = {isa = PBXFileReference; lastKnownFileType = text.plist.xml; path = Info.plist; sourceTree = "<group>"; };
		7B2007FA205A7BEC00C3B723 /* main.m */ = {isa = PBXFileReference; lastKnownFileType = sourcecode.c.objc; path = main.m; sourceTree = "<group>"; };
/* End PBXFileReference section */

/* Begin PBXFrameworksBuildPhase section */
		7B2007E5205A7BEC00C3B723 /* Frameworks */ = {
			isa = PBXFrameworksBuildPhase;
			buildActionMask = 2147483647;
			files = (
				F3EC908D1C1A5C55AF4E26DD /* libPods-DolphinFinancial.a in Frameworks */,
			);
			runOnlyForDeploymentPostprocessing = 0;
		};
/* End PBXFrameworksBuildPhase section */

/* Begin PBXGroup section */
		31CAB17D7C5873020809C040 /* Frameworks */ = {
			isa = PBXGroup;
			children = (
				06E5FF58CECA4AEE9273AAC8 /* libPods-DolphinFinancial.a */,
			);
			name = Frameworks;
			sourceTree = "<group>";
		};
		6FA854CF5B6F2F9884D60331 /* Pods */ = {
			isa = PBXGroup;
			children = (
				1EA40CF10350D22C1821E2B2 /* Pods-DolphinFinancial.debug.xcconfig */,
				6ECADA240C054CA46010A78D /* Pods-DolphinFinancial.release.xcconfig */,
			);
			name = Pods;
			sourceTree = "<group>";
		};
		7B2007DF205A7BEC00C3B723 = {
			isa = PBXGroup;
			children = (
				7B2007EA205A7BEC00C3B723 /* DolphinFinancial */,
				7B2007E9205A7BEC00C3B723 /* Products */,
				6FA854CF5B6F2F9884D60331 /* Pods */,
				31CAB17D7C5873020809C040 /* Frameworks */,
			);
			sourceTree = "<group>";
		};
		7B2007E9205A7BEC00C3B723 /* Products */ = {
			isa = PBXGroup;
			children = (
				7B2007E8205A7BEC00C3B723 /* DolphinFinancial.app */,
			);
			name = Products;
			sourceTree = "<group>";
		};
		7B2007EA205A7BEC00C3B723 /* DolphinFinancial */ = {
			isa = PBXGroup;
			children = (
				7B2007EB205A7BEC00C3B723 /* AppDelegate.h */,
				7B2007EC205A7BEC00C3B723 /* AppDelegate.m */,
				7B2007EE205A7BEC00C3B723 /* ViewController.h */,
				7B2007EF205A7BEC00C3B723 /* ViewController.m */,
				7B2007F1205A7BEC00C3B723 /* Main.storyboard */,
				7B2007F4205A7BEC00C3B723 /* Assets.xcassets */,
				7B2007F6205A7BEC00C3B723 /* LaunchScreen.storyboard */,
				7B2007F9205A7BEC00C3B723 /* Info.plist */,
				7B2007FA205A7BEC00C3B723 /* main.m */,
			);
			path = DolphinFinancial;
			sourceTree = "<group>";
		};
/* End PBXGroup section */

/* Begin PBXNativeTarget section */
		7B2007E7205A7BEC00C3B723 /* DolphinFinancial */ = {
			isa = PBXNativeTarget;
			buildConfigurationList = 7B2007FE205A7BEC00C3B723 /* Build configuration list for PBXNativeTarget "DolphinFinancial" */;
			buildPhases = (
				0635A26ABEC6744BBF6FA215 /* [CP] Check Pods Manifest.lock */,
				7B2007E4205A7BEC00C3B723 /* Sources */,
				7B2007E5205A7BEC00C3B723 /* Frameworks */,
				7B2007E6205A7BEC00C3B723 /* Resources */,
				136406FFB30AAF742E34D310 /* [CP] Embed Pods Frameworks */,
				6E0A7854A917A7044FC015A7 /* [CP] Copy Pods Resources */,
			);
			buildRules = (
			);
			dependencies = (
			);
			name = DolphinFinancial;
			productName = DolphinFinancial;
			productReference = 7B2007E8205A7BEC00C3B723 /* DolphinFinancial.app */;
			productType = "com.apple.product-type.application";
		};
/* End PBXNativeTarget section */

/* Begin PBXProject section */
		7B2007E0205A7BEC00C3B723 /* Project object */ = {
			isa = PBXProject;
			attributes = {
				LastUpgradeCheck = 0910;
				ORGANIZATIONNAME = zhantong;
				TargetAttributes = {
					7B2007E7205A7BEC00C3B723 = {
						CreatedOnToolsVersion = 9.1;
						ProvisioningStyle = Automatic;
					};
				};
			};
			buildConfigurationList = 7B2007E3205A7BEC00C3B723 /* Build configuration list for PBXProject "DolphinFinancial" */;
			compatibilityVersion = "Xcode 8.0";
			developmentRegion = en;
			hasScannedForEncodings = 0;
			knownRegions = (
				en,
				Base,
			);
			mainGroup = 7B2007DF205A7BEC00C3B723;
			productRefGroup = 7B2007E9205A7BEC00C3B723 /* Products */;
			projectDirPath = "";
			projectRoot = "";
			targets = (
				7B2007E7205A7BEC00C3B723 /* DolphinFinancial */,
			);
		};
/* End PBXProject section */

/* Begin PBXResourcesBuildPhase section */
		7B2007E6205A7BEC00C3B723 /* Resources */ = {
			isa = PBXResourcesBuildPhase;
			buildActionMask = 2147483647;
			files = (
				7B2007F8205A7BEC00C3B723 /* LaunchScreen.storyboard in Resources */,
				7B2007F5205A7BEC00C3B723 /* Assets.xcassets in Resources */,
				7B2007F3205A7BEC00C3B723 /* Main.storyboard in Resources */,
			);
			runOnlyForDeploymentPostprocessing = 0;
		};
/* End PBXResourcesBuildPhase section */

/* Begin PBXShellScriptBuildPhase section */
		0635A26ABEC6744BBF6FA215 /* [CP] Check Pods Manifest.lock */ = {
			isa = PBXShellScriptBuildPhase;
			buildActionMask = 2147483647;
			files = (
			);
			inputPaths = (
				"${PODS_PODFILE_DIR_PATH}/Podfile.lock",
				"${PODS_ROOT}/Manifest.lock",
			);
			name = "[CP] Check Pods Manifest.lock";
			outputPaths = (
				"$(DERIVED_FILE_DIR)/Pods-DolphinFinancial-checkManifestLockResult.txt",
			);
			runOnlyForDeploymentPostprocessing = 0;
			shellPath = /bin/sh;
			shellScript = "diff \"${PODS_PODFILE_DIR_PATH}/Podfile.lock\" \"${PODS_ROOT}/Manifest.lock\" > /dev/null\nif [ $? != 0 ] ; then\n    # print error to STDERR\n    echo \"error: The sandbox is not in sync with the Podfile.lock. Run 'pod install' or update your CocoaPods installation.\" >&2\n    exit 1\nfi\n# This output is used by Xcode 'outputs' to avoid re-running this script phase.\necho \"SUCCESS\" > \"${SCRIPT_OUTPUT_FILE_0}\"\n";
			showEnvVarsInLog = 0;
		};
		136406FFB30AAF742E34D310 /* [CP] Embed Pods Frameworks */ = {
			isa = PBXShellScriptBuildPhase;
			buildActionMask = 2147483647;
			files = (
			);
			inputPaths = (
			);
			name = "[CP] Embed Pods Frameworks";
			outputPaths = (
			);
			runOnlyForDeploymentPostprocessing = 0;
			shellPath = /bin/sh;
			shellScript = "\"${SRCROOT}/Pods/Target Support Files/Pods-DolphinFinancial/Pods-DolphinFinancial-frameworks.sh\"\n";
			showEnvVarsInLog = 0;
		};
		6E0A7854A917A7044FC015A7 /* [CP] Copy Pods Resources */ = {
			isa = PBXShellScriptBuildPhase;
			buildActionMask = 2147483647;
			files = (
			);
			inputPaths = (
			);
			name = "[CP] Copy Pods Resources";
			outputPaths = (
			);
			runOnlyForDeploymentPostprocessing = 0;
			shellPath = /bin/sh;
			shellScript = "\"${SRCROOT}/Pods/Target Support Files/Pods-DolphinFinancial/Pods-DolphinFinancial-resources.sh\"\n";
			showEnvVarsInLog = 0;
		};
/* End PBXShellScriptBuildPhase section */

/* Begin PBXSourcesBuildPhase section */
		7B2007E4205A7BEC00C3B723 /* Sources */ = {
			isa = PBXSourcesBuildPhase;
			buildActionMask = 2147483647;
			files = (
				7B2007F0205A7BEC00C3B723 /* ViewController.m in Sources */,
				7B2007FB205A7BEC00C3B723 /* main.m in Sources */,
				7B2007ED205A7BEC00C3B723 /* AppDelegate.m in Sources */,
			);
			runOnlyForDeploymentPostprocessing = 0;
		};
/* End PBXSourcesBuildPhase section */

/* Begin PBXVariantGroup section */
		7B2007F1205A7BEC00C3B723 /* Main.storyboard */ = {
			isa = PBXVariantGroup;
			children = (
				7B2007F2205A7BEC00C3B723 /* Base */,
			);
			name = Main.storyboard;
			sourceTree = "<group>";
		};
		7B2007F6205A7BEC00C3B723 /* LaunchScreen.storyboard */ = {
			isa = PBXVariantGroup;
			children = (
				7B2007F7205A7BEC00C3B723 /* Base */,
			);
			name = LaunchScreen.storyboard;
			sourceTree = "<group>";
		};
/* End PBXVariantGroup section */

/* Begin XCBuildConfiguration section */
		7B2007FC205A7BEC00C3B723 /* Debug */ = {
			isa = XCBuildConfiguration;
			buildSettings = {
				ALWAYS_SEARCH_USER_PATHS = NO;
				CLANG_ANALYZER_NONNULL = YES;
				CLANG_ANALYZER_NUMBER_OBJECT_CONVERSION = YES_AGGRESSIVE;
				CLANG_CXX_LANGUAGE_STANDARD = "gnu++14";
				CLANG_CXX_LIBRARY = "libc++";
				CLANG_ENABLE_MODULES = YES;
				CLANG_ENABLE_OBJC_ARC = YES;
				CLANG_WARN_BLOCK_CAPTURE_AUTORELEASING = YES;
				CLANG_WARN_BOOL_CONVERSION = YES;
				CLANG_WARN_COMMA = YES;
				CLANG_WARN_CONSTANT_CONVERSION = YES;
				CLANG_WARN_DIRECT_OBJC_ISA_USAGE = YES_ERROR;
				CLANG_WARN_DOCUMENTATION_COMMENTS = YES;
				CLANG_WARN_EMPTY_BODY = YES;
				CLANG_WARN_ENUM_CONVERSION = YES;
				CLANG_WARN_INFINITE_RECURSION = YES;
				CLANG_WARN_INT_CONVERSION = YES;
				CLANG_WARN_NON_LITERAL_NULL_CONVERSION = YES;
				CLANG_WARN_OBJC_LITERAL_CONVERSION = YES;
				CLANG_WARN_OBJC_ROOT_CLASS = YES_ERROR;
				CLANG_WARN_RANGE_LOOP_ANALYSIS = YES;
				CLANG_WARN_STRICT_PROTOTYPES = YES;
				CLANG_WARN_SUSPICIOUS_MOVE = YES;
				CLANG_WARN_UNGUARDED_AVAILABILITY = YES_AGGRESSIVE;
				CLANG_WARN_UNREACHABLE_CODE = YES;
				CLANG_WARN__DUPLICATE_METHOD_MATCH = YES;
				CODE_SIGN_IDENTITY = "iPhone Developer";
				COPY_PHASE_STRIP = NO;
				DEBUG_INFORMATION_FORMAT = dwarf;
				ENABLE_STRICT_OBJC_MSGSEND = YES;
				ENABLE_TESTABILITY = YES;
				GCC_C_LANGUAGE_STANDARD = gnu11;
				GCC_DYNAMIC_NO_PIC = NO;
				GCC_NO_COMMON_BLOCKS = YES;
				GCC_OPTIMIZATION_LEVEL = 0;
				GCC_PREPROCESSOR_DEFINITIONS = (
					"DEBUG=1",
					"$(inherited)",
				);
				GCC_WARN_64_TO_32_BIT_CONVERSION = YES;
				GCC_WARN_ABOUT_RETURN_TYPE = YES_ERROR;
				GCC_WARN_UNDECLARED_SELECTOR = YES;
				GCC_WARN_UNINITIALIZED_AUTOS = YES_AGGRESSIVE;
				GCC_WARN_UNUSED_FUNCTION = YES;
				GCC_WARN_UNUSED_VARIABLE = YES;
				IPHONEOS_DEPLOYMENT_TARGET = 11.1;
				MTL_ENABLE_DEBUG_INFO = YES;
				ONLY_ACTIVE_ARCH = YES;
				SDKROOT = iphoneos;
			};
			name = Debug;
		};
		7B2007FD205A7BEC00C3B723 /* Release */ = {
			isa = XCBuildConfiguration;
			buildSettings = {
				ALWAYS_SEARCH_USER_PATHS = NO;
				CLANG_ANALYZER_NONNULL = YES;
				CLANG_ANALYZER_NUMBER_OBJECT_CONVERSION = YES_AGGRESSIVE;
				CLANG_CXX_LANGUAGE_STANDARD = "gnu++14";
				CLANG_CXX_LIBRARY = "libc++";
				CLANG_ENABLE_MODULES = YES;
				CLANG_ENABLE_OBJC_ARC = YES;
				CLANG_WARN_BLOCK_CAPTURE_AUTORELEASING = YES;
				CLANG_WARN_BOOL_CONVERSION = YES;
				CLANG_WARN_COMMA = YES;
				CLANG_WARN_CONSTANT_CONVERSION = YES;
				CLANG_WARN_DIRECT_OBJC_ISA_USAGE = YES_ERROR;
				CLANG_WARN_DOCUMENTATION_COMMENTS = YES;
				CLANG_WARN_EMPTY_BODY = YES;
				CLANG_WARN_ENUM_CONVERSION = YES;
				CLANG_WARN_INFINITE_RECURSION = YES;
				CLANG_WARN_INT_CONVERSION = YES;
				CLANG_WARN_NON_LITERAL_NULL_CONVERSION = YES;
				CLANG_WARN_OBJC_LITERAL_CONVERSION = YES;
				CLANG_WARN_OBJC_ROOT_CLASS = YES_ERROR;
				CLANG_WARN_RANGE_LOOP_ANALYSIS = YES;
				CLANG_WARN_STRICT_PROTOTYPES = YES;
				CLANG_WARN_SUSPICIOUS_MOVE = YES;
				CLANG_WARN_UNGUARDED_AVAILABILITY = YES_AGGRESSIVE;
				CLANG_WARN_UNREACHABLE_CODE = YES;
				CLANG_WARN__DUPLICATE_METHOD_MATCH = YES;
				CODE_SIGN_IDENTITY = "iPhone Developer";
				COPY_PHASE_STRIP = NO;
				DEBUG_INFORMATION_FORMAT = "dwarf-with-dsym";
				ENABLE_NS_ASSERTIONS = NO;
				ENABLE_STRICT_OBJC_MSGSEND = YES;
				GCC_C_LANGUAGE_STANDARD = gnu11;
				GCC_NO_COMMON_BLOCKS = YES;
				GCC_WARN_64_TO_32_BIT_CONVERSION = YES;
				GCC_WARN_ABOUT_RETURN_TYPE = YES_ERROR;
				GCC_WARN_UNDECLARED_SELECTOR = YES;
				GCC_WARN_UNINITIALIZED_AUTOS = YES_AGGRESSIVE;
				GCC_WARN_UNUSED_FUNCTION = YES;
				GCC_WARN_UNUSED_VARIABLE = YES;
				IPHONEOS_DEPLOYMENT_TARGET = 11.1;
				MTL_ENABLE_DEBUG_INFO = NO;
				SDKROOT = iphoneos;
				VALIDATE_PRODUCT = YES;
			};
			name = Release;
		};
		7B2007FF205A7BEC00C3B723 /* Debug */ = {
			isa = XCBuildConfiguration;
			baseConfigurationReference = 1EA40CF10350D22C1821E2B2 /* Pods-DolphinFinancial.debug.xcconfig */;
			buildSettings = {
				ASSETCATALOG_COMPILER_APPICON_NAME = AppIcon;
				CODE_SIGN_STYLE = Automatic;
				DEVELOPMENT_TEAM = 3HY799MBKL;
				INFOPLIST_FILE = DolphinFinancial/Info.plist;
				IPHONEOS_DEPLOYMENT_TARGET = 8.0;
				LD_RUNPATH_SEARCH_PATHS = "$(inherited) @executable_path/Frameworks";
				PRODUCT_BUNDLE_IDENTIFIER = DolphinFinancial;
				PRODUCT_NAME = "$(TARGET_NAME)";
				TARGETED_DEVICE_FAMILY = "1,2";
			};
			name = Debug;
		};
		7B200800205A7BEC00C3B723 /* Release */ = {
			isa = XCBuildConfiguration;
			baseConfigurationReference = 6ECADA240C054CA46010A78D /* Pods-DolphinFinancial.release.xcconfig */;
			buildSettings = {
				ASSETCATALOG_COMPILER_APPICON_NAME = AppIcon;
				CODE_SIGN_STYLE = Automatic;
				DEVELOPMENT_TEAM = 3HY799MBKL;
				INFOPLIST_FILE = DolphinFinancial/Info.plist;
				IPHONEOS_DEPLOYMENT_TARGET = 8.0;
				LD_RUNPATH_SEARCH_PATHS = "$(inherited) @executable_path/Frameworks";
				PRODUCT_BUNDLE_IDENTIFIER = DolphinFinancial;
				PRODUCT_NAME = "$(TARGET_NAME)";
				TARGETED_DEVICE_FAMILY = "1,2";
			};
			name = Release;
		};
/* End XCBuildConfiguration section */

/* Begin XCConfigurationList section */
		7B2007E3205A7BEC00C3B723 /* Build configuration list for PBXProject "DolphinFinancial" */ = {
			isa = XCConfigurationList;
			buildConfigurations = (
				7B2007FC205A7BEC00C3B723 /* Debug */,
				7B2007FD205A7BEC00C3B723 /* Release */,
			);
			defaultConfigurationIsVisible = 0;
			defaultConfigurationName = Release;
		};
		7B2007FE205A7BEC00C3B723 /* Build configuration list for PBXNativeTarget "DolphinFinancial" */ = {
			isa = XCConfigurationList;
			buildConfigurations = (
				7B2007FF205A7BEC00C3B723 /* Debug */,
				7B200800205A7BEC00C3B723 /* Release */,
			);
			defaultConfigurationIsVisible = 0;
			defaultConfigurationName = Release;
		};
/* End XCConfigurationList section */
	};
	rootObject = 7B2007E0205A7BEC00C3B723 /* Project object */;
}
